// !$*UTF8*$!
{
	archiveVersion = 1;
	classes = {
	};
	objectVersion = 46;
	objects = {

/* Begin PBXBuildFile section */
		4105FB261806D3890074C855 /* BattleScript.cpp in Sources */ = {isa = PBXBuildFile; fileRef = 4105FB171806D3890074C855 /* BattleScript.cpp */; };
		4105FB271806D3890074C855 /* BattleSimulator.cpp in Sources */ = {isa = PBXBuildFile; fileRef = 4105FB191806D3890074C855 /* BattleSimulator.cpp */; };
		4105FB281806D3890074C855 /* GroundMap.cpp in Sources */ = {isa = PBXBuildFile; fileRef = 4105FB1B1806D3890074C855 /* GroundMap.cpp */; };
		4105FB291806D3890074C855 /* HeightMap.cpp in Sources */ = {isa = PBXBuildFile; fileRef = 4105FB1D1806D3890074C855 /* HeightMap.cpp */; };
		4105FB2A1806D3890074C855 /* MovementRules.cpp in Sources */ = {isa = PBXBuildFile; fileRef = 4105FB1F1806D3890074C855 /* MovementRules.cpp */; };
		4105FB2B1806D3890074C855 /* SmoothGroundMap.cpp in Sources */ = {isa = PBXBuildFile; fileRef = 4105FB211806D3890074C855 /* SmoothGroundMap.cpp */; };
		4105FB2C1806D3890074C855 /* TiledGroundMap.cpp in Sources */ = {isa = PBXBuildFile; fileRef = 4105FB231806D3890074C855 /* TiledGroundMap.cpp */; };
		4105FB331806D3970074C855 /* ShootingCounter.cpp in Sources */ = {isa = PBXBuildFile; fileRef = 4105FB2D1806D3970074C855 /* ShootingCounter.cpp */; };
		4105FB341806D3970074C855 /* SmokeCounter.cpp in Sources */ = {isa = PBXBuildFile; fileRef = 4105FB2F1806D3970074C855 /* SmokeCounter.cpp */; };
		4105FB351806D3970074C855 /* UnitCounter.cpp in Sources */ = {isa = PBXBuildFile; fileRef = 4105FB311806D3970074C855 /* UnitCounter.cpp */; };
		4105FB3C1806D3A50074C855 /* SmoothTerrainRenderer.cpp in Sources */ = {isa = PBXBuildFile; fileRef = 4105FB361806D3A50074C855 /* SmoothTerrainRenderer.cpp */; };
		4105FB3D1806D3A50074C855 /* SmoothTerrainShaders.cpp in Sources */ = {isa = PBXBuildFile; fileRef = 4105FB381806D3A50074C855 /* SmoothTerrainShaders.cpp */; };
		4105FB3E1806D3A50074C855 /* SmoothTerrainSky.cpp in Sources */ = {isa = PBXBuildFile; fileRef = 4105FB3A1806D3A50074C855 /* SmoothTerrainSky.cpp */; };
		4105FB421806D3C40074C855 /* TiledTerrainRenderer.cpp in Sources */ = {isa = PBXBuildFile; fileRef = 4105FB401806D3C40074C855 /* TiledTerrainRenderer.cpp */; };
		41396E0817E7517F00EC1DA6 /* SDL2.framework in Frameworks */ = {isa = PBXBuildFile; fileRef = 41C0B59817E63DA300C52270 /* SDL2.framework */; };
		41396E0A17E7517F00EC1DA6 /* AudioToolbox.framework in Frameworks */ = {isa = PBXBuildFile; fileRef = 413B7026175DFEC800AABF10 /* AudioToolbox.framework */; };
		41396E0B17E7517F00EC1DA6 /* Cocoa.framework in Frameworks */ = {isa = PBXBuildFile; fileRef = 413B6DFA175CE70B00AABF10 /* Cocoa.framework */; };
		41396E0C17E7517F00EC1DA6 /* GLKit.framework in Frameworks */ = {isa = PBXBuildFile; fileRef = 413B6ECF175DE18A00AABF10 /* GLKit.framework */; };
		41396E0D17E7517F00EC1DA6 /* OpenAL.framework in Frameworks */ = {isa = PBXBuildFile; fileRef = 413B7022175DFEA900AABF10 /* OpenAL.framework */; };
		41396E0E17E7517F00EC1DA6 /* OpenGL.framework in Frameworks */ = {isa = PBXBuildFile; fileRef = 413B6ED1175DE19200AABF10 /* OpenGL.framework */; };
		4156C30F1A139E40006A264C /* geometry.cpp in Sources */ = {isa = PBXBuildFile; fileRef = 4156C2A61A139E3F006A264C /* geometry.cpp */; };
		4156C3101A139E40006A264C /* bspline.cpp in Sources */ = {isa = PBXBuildFile; fileRef = 4156C2A91A139E3F006A264C /* bspline.cpp */; };
		4156C3111A139E40006A264C /* bspline_patch.cpp in Sources */ = {isa = PBXBuildFile; fileRef = 4156C2AB1A139E3F006A264C /* bspline_patch.cpp */; };
		4156C3121A139E40006A264C /* GaussBlur.cpp in Sources */ = {isa = PBXBuildFile; fileRef = 4156C2AD1A139E3F006A264C /* GaussBlur.cpp */; };
		4156C3131A139E40006A264C /* quadtree.cpp in Sources */ = {isa = PBXBuildFile; fileRef = 4156C2AF1A139E3F006A264C /* quadtree.cpp */; };
		4156C3151A139E40006A264C /* SoundLoader.cpp in Sources */ = {isa = PBXBuildFile; fileRef = 4156C2B41A139E3F006A264C /* SoundLoader.cpp */; };
		4156C3161A139E40006A264C /* SoundPlayer.cpp in Sources */ = {isa = PBXBuildFile; fileRef = 4156C2B61A139E3F006A264C /* SoundPlayer.cpp */; };
		4156C3291A139E40006A264C /* ScrollerGesture.cpp in Sources */ = {isa = PBXBuildFile; fileRef = 4156C2DF1A139E3F006A264C /* ScrollerGesture.cpp */; };
		4156C32A1A139E40006A264C /* ScrollerHotspot.cpp in Sources */ = {isa = PBXBuildFile; fileRef = 4156C2E11A139E3F006A264C /* ScrollerHotspot.cpp */; };
		4156C32B1A139E40006A264C /* ScrollerViewport.cpp in Sources */ = {isa = PBXBuildFile; fileRef = 4156C2E31A139E3F006A264C /* ScrollerViewport.cpp */; };
		4156C32C1A139E40006A264C /* BillboardColorShader.cpp in Sources */ = {isa = PBXBuildFile; fileRef = 4156C2E61A139E3F006A264C /* BillboardColorShader.cpp */; };
		4156C32D1A139E40006A264C /* BillboardTextureShape.cpp in Sources */ = {isa = PBXBuildFile; fileRef = 4156C2E81A139E3F006A264C /* BillboardTextureShape.cpp */; };
		4156C32E1A139E40006A264C /* PathRenderer.cpp in Sources */ = {isa = PBXBuildFile; fileRef = 4156C2EA1A139E3F006A264C /* PathRenderer.cpp */; };
		4156C32F1A139E40006A264C /* VertexShape.cpp in Sources */ = {isa = PBXBuildFile; fileRef = 4156C2EC1A139E3F006A264C /* VertexShape.cpp */; };
		4156C3301A139E40006A264C /* Animation.cpp in Sources */ = {isa = PBXBuildFile; fileRef = 4156C2EF1A139E3F006A264C /* Animation.cpp */; };
		4156C3311A139E40006A264C /* Gesture.cpp in Sources */ = {isa = PBXBuildFile; fileRef = 4156C2F11A139E3F006A264C /* Gesture.cpp */; };
		4156C3321A139E40006A264C /* Hotspot.cpp in Sources */ = {isa = PBXBuildFile; fileRef = 4156C2F31A139E3F006A264C /* Hotspot.cpp */; };
		4156C3331A139E40006A264C /* Surface.cpp in Sources */ = {isa = PBXBuildFile; fileRef = 4156C2F61A139E3F006A264C /* Surface.cpp */; };
		4156C3341A139E40006A264C /* Touch.cpp in Sources */ = {isa = PBXBuildFile; fileRef = 4156C2F81A139E3F006A264C /* Touch.cpp */; };
		4156C3351A139E40006A264C /* Window.cpp in Sources */ = {isa = PBXBuildFile; fileRef = 4156C2FA1A139E3F006A264C /* Window.cpp */; };
		4156F29619A5FEC300A9990D /* SDL2_mixer.framework in Frameworks */ = {isa = PBXBuildFile; fileRef = 4156F29519A5FEC300A9990D /* SDL2_mixer.framework */; };
		4168CC941A2387AF007C4509 /* CommonShaders.cpp in Sources */ = {isa = PBXBuildFile; fileRef = 4168CC731A2387AF007C4509 /* CommonShaders.cpp */; };
		4168CC951A2387AF007C4509 /* FontAdapter.cpp in Sources */ = {isa = PBXBuildFile; fileRef = 4168CC751A2387AF007C4509 /* FontAdapter.cpp */; };
		4168CC961A2387AF007C4509 /* FrameBuffer.cpp in Sources */ = {isa = PBXBuildFile; fileRef = 4168CC771A2387AF007C4509 /* FrameBuffer.cpp */; };
		4168CC971A2387AF007C4509 /* GraphicsContext.cpp in Sources */ = {isa = PBXBuildFile; fileRef = 4168CC791A2387AF007C4509 /* GraphicsContext.cpp */; };
		4168CC981A2387AF007C4509 /* Image.cpp in Sources */ = {isa = PBXBuildFile; fileRef = 4168CC7C1A2387AF007C4509 /* Image.cpp */; };
		4168CC991A2387AF007C4509 /* RenderBuffer.cpp in Sources */ = {isa = PBXBuildFile; fileRef = 4168CC7E1A2387AF007C4509 /* RenderBuffer.cpp */; };
		4168CC9A1A2387AF007C4509 /* RenderCall.cpp in Sources */ = {isa = PBXBuildFile; fileRef = 4168CC801A2387AF007C4509 /* RenderCall.cpp */; };
		4168CC9B1A2387AF007C4509 /* RenderLoopObserver.cpp in Sources */ = {isa = PBXBuildFile; fileRef = 4168CC821A2387AF007C4509 /* RenderLoopObserver.cpp */; };
		4168CC9C1A2387AF007C4509 /* ShaderProgram.cpp in Sources */ = {isa = PBXBuildFile; fileRef = 4168CC841A2387AF007C4509 /* ShaderProgram.cpp */; };
		4168CC9D1A2387AF007C4509 /* Texture.cpp in Sources */ = {isa = PBXBuildFile; fileRef = 4168CC861A2387AF007C4509 /* Texture.cpp */; };
		4168CC9E1A2387AF007C4509 /* TextureAtlas.cpp in Sources */ = {isa = PBXBuildFile; fileRef = 4168CC881A2387AF007C4509 /* TextureAtlas.cpp */; };
		4168CC9F1A2387AF007C4509 /* TextureFont.cpp in Sources */ = {isa = PBXBuildFile; fileRef = 4168CC8A1A2387AF007C4509 /* TextureFont.cpp */; };
		4168CCA01A2387AF007C4509 /* TextureResource.cpp in Sources */ = {isa = PBXBuildFile; fileRef = 4168CC8C1A2387AF007C4509 /* TextureResource.cpp */; };
		4168CCA11A2387AF007C4509 /* Vertex.cpp in Sources */ = {isa = PBXBuildFile; fileRef = 4168CC8E1A2387AF007C4509 /* Vertex.cpp */; };
		4168CCA21A2387AF007C4509 /* VertexBuffer.cpp in Sources */ = {isa = PBXBuildFile; fileRef = 4168CC901A2387AF007C4509 /* VertexBuffer.cpp */; };
		4168CCA31A2387AF007C4509 /* Viewport.cpp in Sources */ = {isa = PBXBuildFile; fileRef = 4168CC921A2387AF007C4509 /* Viewport.cpp */; };
		4168CCA61A2387BC007C4509 /* BillboardTextureShader.cpp in Sources */ = {isa = PBXBuildFile; fileRef = 4168CCA41A2387BC007C4509 /* BillboardTextureShader.cpp */; };
		4168CCC41A2387E7007C4509 /* ButtonGrid.cpp in Sources */ = {isa = PBXBuildFile; fileRef = 4168CCA91A2387E7007C4509 /* ButtonGrid.cpp */; };
		4168CCC61A2387E7007C4509 /* ButtonGridTextureSheet.cpp in Sources */ = {isa = PBXBuildFile; fileRef = 4168CCAD1A2387E7007C4509 /* ButtonGridTextureSheet.cpp */; };
		4168CCC71A2387E7007C4509 /* ButtonWidget.cpp in Sources */ = {isa = PBXBuildFile; fileRef = 4168CCAF1A2387E7007C4509 /* ButtonWidget.cpp */; };
		4168CCC81A2387E7007C4509 /* ImageWidget.cpp in Sources */ = {isa = PBXBuildFile; fileRef = 4168CCB11A2387E7007C4509 /* ImageWidget.cpp */; };
		4168CCC91A2387E7007C4509 /* InputEditor.cpp in Sources */ = {isa = PBXBuildFile; fileRef = 4168CCB31A2387E7007C4509 /* InputEditor.cpp */; };
		4168CCCC1A2387E7007C4509 /* InputWidget.cpp in Sources */ = {isa = PBXBuildFile; fileRef = 4168CCB91A2387E7007C4509 /* InputWidget.cpp */; };
		4168CCCD1A2387E7007C4509 /* StringWidget.cpp in Sources */ = {isa = PBXBuildFile; fileRef = 4168CCBB1A2387E7007C4509 /* StringWidget.cpp */; };
		4168CCCE1A2387E7007C4509 /* Widget.cpp in Sources */ = {isa = PBXBuildFile; fileRef = 4168CCBD1A2387E7007C4509 /* Widget.cpp */; };
		4168CCCF1A2387E7007C4509 /* WidgetShader.cpp in Sources */ = {isa = PBXBuildFile; fileRef = 4168CCBF1A2387E7007C4509 /* WidgetShader.cpp */; };
		4168CCD01A2387E7007C4509 /* WidgetView.cpp in Sources */ = {isa = PBXBuildFile; fileRef = 4168CCC11A2387E7007C4509 /* WidgetView.cpp */; };
		4168CCD31A23885C007C4509 /* View.cpp in Sources */ = {isa = PBXBuildFile; fileRef = 4168CCD11A23885C007C4509 /* View.cpp */; };
		418FCC3E192DEE0700D7D476 /* SDL2_ttf.framework in Frameworks */ = {isa = PBXBuildFile; fileRef = 418FCC3D192DEE0700D7D476 /* SDL2_ttf.framework */; };
		41B2298F17EC730E00DFA0B6 /* Maps in Resources */ = {isa = PBXBuildFile; fileRef = 41B2298B17EC730E00DFA0B6 /* Maps */; };
		41B2299117EC730E00DFA0B6 /* Sounds in Resources */ = {isa = PBXBuildFile; fileRef = 41B2298D17EC730E00DFA0B6 /* Sounds */; };
		41B2299217EC730E00DFA0B6 /* Textures in Resources */ = {isa = PBXBuildFile; fileRef = 41B2298E17EC730E00DFA0B6 /* Textures */; };
		41F104611A6E48C500DE76DE /* Resource.cpp in Sources */ = {isa = PBXBuildFile; fileRef = 41F1045F1A6E48C500DE76DE /* Resource.cpp */; };
		41FE9BC619234E85002F6043 /* PracticeScript.cpp in Sources */ = {isa = PBXBuildFile; fileRef = 41FE9BC419234E85002F6043 /* PracticeScript.cpp */; };
		41FE9BC819235642002F6043 /* SDL2_image.framework in Frameworks */ = {isa = PBXBuildFile; fileRef = 41FE9BC719235641002F6043 /* SDL2_image.framework */; };
		63F550B662BEEAAA8D48C2A8 /* TerrainForest.cpp in Sources */ = {isa = PBXBuildFile; fileRef = 63F551DA89F0EC589EAF7E01 /* TerrainForest.cpp */; };
		63F553445E70F2F5641FE284 /* EditorHotspot.cpp in Sources */ = {isa = PBXBuildFile; fileRef = 63F5583D00D8165046412FA5 /* EditorHotspot.cpp */; };
		63F55433D66E0956B386D227 /* UnitMovementMarker.cpp in Sources */ = {isa = PBXBuildFile; fileRef = 63F55D5E1B7F9F2AFF583B2D /* UnitMovementMarker.cpp */; };
		63F554616556A395A788A79A /* BattleCommander.cpp in Sources */ = {isa = PBXBuildFile; fileRef = 63F55CCD729E593A1AF60AC3 /* BattleCommander.cpp */; };
		63F554B794FA10FAD4611DBE /* BattleScenario.cpp in Sources */ = {isa = PBXBuildFile; fileRef = 63F55A61E69CB52A7505E66C /* BattleScenario.cpp */; };
		63F5552382844DD951176704 /* TerrainSky.cpp in Sources */ = {isa = PBXBuildFile; fileRef = 63F5554DB57C199D82F2C968 /* TerrainSky.cpp */; };
		63F555DD68EC4972892F6EF9 /* TerrainHotspot.cpp in Sources */ = {isa = PBXBuildFile; fileRef = 63F554EDD3E3CD7369473A6E /* TerrainHotspot.cpp */; };
		63F5563E7284F60A11F8D90F /* UnitTrackingMarker.cpp in Sources */ = {isa = PBXBuildFile; fileRef = 63F558098EC65E4AB2495C2C /* UnitTrackingMarker.cpp */; };
		63F556A7A2F2FD636868A634 /* vec2_sampler.cpp in Sources */ = {isa = PBXBuildFile; fileRef = 63F55C4987EA23937F3F120A /* vec2_sampler.cpp */; };
		63F5570002E7A8C45BA9193F /* TerrainView.cpp in Sources */ = {isa = PBXBuildFile; fileRef = 63F558F731F350A8BBE8E5A1 /* TerrainView.cpp */; };
		63F5575DCDE438070E9DF48C /* BattleView.cpp in Sources */ = {isa = PBXBuildFile; fileRef = 63F5561912400A1271CD5499 /* BattleView.cpp */; };
		63F5582E120B722D806CDB58 /* CasualtyMarker.cpp in Sources */ = {isa = PBXBuildFile; fileRef = 63F55DFD84BC5463290D7393 /* CasualtyMarker.cpp */; };
		63F55932A50F5611BA25ED6F /* SamuraiModule.cpp in Sources */ = {isa = PBXBuildFile; fileRef = 63F556B39CE20E4EF1B28141 /* SamuraiModule.cpp */; };
		63F559482A86E47274136F37 /* UnitMarker.cpp in Sources */ = {isa = PBXBuildFile; fileRef = 63F5503DE69D968145B61EA6 /* UnitMarker.cpp */; };
		63F5596C0986FE7D81143BE1 /* RangeMarker.cpp in Sources */ = {isa = PBXBuildFile; fileRef = 63F552E43A0079DB88A52C9E /* RangeMarker.cpp */; };
		63F55ABC3B69FFC1B4D154BE /* ClickGesture.cpp in Sources */ = {isa = PBXBuildFile; fileRef = 63F5511F1662B0ED37E2DEEF /* ClickGesture.cpp */; };
		63F55BC7E8C99A6C96EE1A21 /* main.cpp in Sources */ = {isa = PBXBuildFile; fileRef = 63F550783E4B40F4117A4A1D /* main.cpp */; };
		63F55C07D79D3F9A3EA3A8CD /* FontDescriptor.cpp in Sources */ = {isa = PBXBuildFile; fileRef = 63F55915F3674C78D929B86D /* FontDescriptor.cpp */; };
		63F55C0BC0B938B21CEB2D70 /* BattleHotspot.cpp in Sources */ = {isa = PBXBuildFile; fileRef = 63F55561D688DBFDAF97FC7A /* BattleHotspot.cpp */; };
		63F55D14165983EF9CF7DADA /* Sampler.cpp in Sources */ = {isa = PBXBuildFile; fileRef = 63F55988E0FC949201850903 /* Sampler.cpp */; };
		63F55D45A7A30820587225CB /* BattleGesture.cpp in Sources */ = {isa = PBXBuildFile; fileRef = 63F5575A4F049DA365D0685F /* BattleGesture.cpp */; };
		63F55D68A07CFDC7816F111A /* SmoothTerrainWater.cpp in Sources */ = {isa = PBXBuildFile; fileRef = 63F559A86B147EC2482F2E50 /* SmoothTerrainWater.cpp */; };
		63F55D81972105FD90CA832F /* OpenWarSurface.cpp in Sources */ = {isa = PBXBuildFile; fileRef = 63F5567B80EBBFC23C6EF38B /* OpenWarSurface.cpp */; };
		63F55DC9F91104DB98854A0F /* EditorModel.cpp in Sources */ = {isa = PBXBuildFile; fileRef = 63F55EDEE5AF3C0B27543240 /* EditorModel.cpp */; };
		63F55DF188CEFBEF7F2E123B /* TerrainViewport.cpp in Sources */ = {isa = PBXBuildFile; fileRef = 63F554AE3DF569B5DF73AA9C /* TerrainViewport.cpp */; };
		63F55E04CBD1D5B38067D31A /* EditorGesture.cpp in Sources */ = {isa = PBXBuildFile; fileRef = 63F559CAE90D309CD6697CC0 /* EditorGesture.cpp */; };
		63F55E0A4ECCD6FE29C8406F /* BattleLayer.cpp in Sources */ = {isa = PBXBuildFile; fileRef = 63F55DBCC40B52D605011072 /* BattleLayer.cpp */; };
		63F55E634774DADBB36E73A2 /* ClickHotspot.cpp in Sources */ = {isa = PBXBuildFile; fileRef = 63F55D4B276E610FB5B27C6B /* ClickHotspot.cpp */; };
		63F55ECBBDB6C8631D7D8524 /* BillboardTerrainForest.cpp in Sources */ = {isa = PBXBuildFile; fileRef = 63F553CAD4D4F581C8F04465 /* BillboardTerrainForest.cpp */; };
		63F55FBC597899D12FDCC5E9 /* TerrainGesture.cpp in Sources */ = {isa = PBXBuildFile; fileRef = 63F55662FF64D23F4AE9F8F2 /* TerrainGesture.cpp */; };
/* End PBXBuildFile section */

/* Begin PBXFileReference section */
		4105FB171806D3890074C855 /* BattleScript.cpp */ = {isa = PBXFileReference; fileEncoding = 4; lastKnownFileType = sourcecode.cpp.cpp; path = BattleScript.cpp; sourceTree = "<group>"; };
		4105FB181806D3890074C855 /* BattleScript.h */ = {isa = PBXFileReference; fileEncoding = 4; lastKnownFileType = sourcecode.c.h; path = BattleScript.h; sourceTree = "<group>"; };
		4105FB191806D3890074C855 /* BattleSimulator.cpp */ = {isa = PBXFileReference; fileEncoding = 4; lastKnownFileType = sourcecode.cpp.cpp; path = BattleSimulator.cpp; sourceTree = "<group>"; };
		4105FB1A1806D3890074C855 /* BattleSimulator.h */ = {isa = PBXFileReference; fileEncoding = 4; lastKnownFileType = sourcecode.c.h; path = BattleSimulator.h; sourceTree = "<group>"; };
		4105FB1B1806D3890074C855 /* GroundMap.cpp */ = {isa = PBXFileReference; fileEncoding = 4; lastKnownFileType = sourcecode.cpp.cpp; path = GroundMap.cpp; sourceTree = "<group>"; };
		4105FB1C1806D3890074C855 /* GroundMap.h */ = {isa = PBXFileReference; fileEncoding = 4; lastKnownFileType = sourcecode.c.h; path = GroundMap.h; sourceTree = "<group>"; };
		4105FB1D1806D3890074C855 /* HeightMap.cpp */ = {isa = PBXFileReference; fileEncoding = 4; lastKnownFileType = sourcecode.cpp.cpp; path = HeightMap.cpp; sourceTree = "<group>"; };
		4105FB1E1806D3890074C855 /* HeightMap.h */ = {isa = PBXFileReference; fileEncoding = 4; lastKnownFileType = sourcecode.c.h; path = HeightMap.h; sourceTree = "<group>"; };
		4105FB1F1806D3890074C855 /* MovementRules.cpp */ = {isa = PBXFileReference; fileEncoding = 4; lastKnownFileType = sourcecode.cpp.cpp; path = MovementRules.cpp; sourceTree = "<group>"; };
		4105FB201806D3890074C855 /* MovementRules.h */ = {isa = PBXFileReference; fileEncoding = 4; lastKnownFileType = sourcecode.c.h; path = MovementRules.h; sourceTree = "<group>"; };
		4105FB211806D3890074C855 /* SmoothGroundMap.cpp */ = {isa = PBXFileReference; fileEncoding = 4; lastKnownFileType = sourcecode.cpp.cpp; path = SmoothGroundMap.cpp; sourceTree = "<group>"; };
		4105FB221806D3890074C855 /* SmoothGroundMap.h */ = {isa = PBXFileReference; fileEncoding = 4; lastKnownFileType = sourcecode.c.h; path = SmoothGroundMap.h; sourceTree = "<group>"; };
		4105FB231806D3890074C855 /* TiledGroundMap.cpp */ = {isa = PBXFileReference; fileEncoding = 4; lastKnownFileType = sourcecode.cpp.cpp; path = TiledGroundMap.cpp; sourceTree = "<group>"; };
		4105FB241806D3890074C855 /* TiledGroundMap.h */ = {isa = PBXFileReference; fileEncoding = 4; lastKnownFileType = sourcecode.c.h; path = TiledGroundMap.h; sourceTree = "<group>"; };
		4105FB2D1806D3970074C855 /* ShootingCounter.cpp */ = {isa = PBXFileReference; fileEncoding = 4; lastKnownFileType = sourcecode.cpp.cpp; path = ShootingCounter.cpp; sourceTree = "<group>"; };
		4105FB2E1806D3970074C855 /* ShootingCounter.h */ = {isa = PBXFileReference; fileEncoding = 4; lastKnownFileType = sourcecode.c.h; path = ShootingCounter.h; sourceTree = "<group>"; };
		4105FB2F1806D3970074C855 /* SmokeCounter.cpp */ = {isa = PBXFileReference; fileEncoding = 4; lastKnownFileType = sourcecode.cpp.cpp; path = SmokeCounter.cpp; sourceTree = "<group>"; };
		4105FB301806D3970074C855 /* SmokeCounter.h */ = {isa = PBXFileReference; fileEncoding = 4; lastKnownFileType = sourcecode.c.h; path = SmokeCounter.h; sourceTree = "<group>"; };
		4105FB311806D3970074C855 /* UnitCounter.cpp */ = {isa = PBXFileReference; fileEncoding = 4; lastKnownFileType = sourcecode.cpp.cpp; path = UnitCounter.cpp; sourceTree = "<group>"; };
		4105FB321806D3970074C855 /* UnitCounter.h */ = {isa = PBXFileReference; fileEncoding = 4; lastKnownFileType = sourcecode.c.h; path = UnitCounter.h; sourceTree = "<group>"; };
		4105FB361806D3A50074C855 /* SmoothTerrainRenderer.cpp */ = {isa = PBXFileReference; fileEncoding = 4; lastKnownFileType = sourcecode.cpp.cpp; path = SmoothTerrainRenderer.cpp; sourceTree = "<group>"; };
		4105FB371806D3A50074C855 /* SmoothTerrainRenderer.h */ = {isa = PBXFileReference; fileEncoding = 4; lastKnownFileType = sourcecode.c.h; path = SmoothTerrainRenderer.h; sourceTree = "<group>"; };
		4105FB381806D3A50074C855 /* SmoothTerrainShaders.cpp */ = {isa = PBXFileReference; fileEncoding = 4; lastKnownFileType = sourcecode.cpp.cpp; path = SmoothTerrainShaders.cpp; sourceTree = "<group>"; };
		4105FB391806D3A50074C855 /* SmoothTerrainShaders.h */ = {isa = PBXFileReference; fileEncoding = 4; lastKnownFileType = sourcecode.c.h; path = SmoothTerrainShaders.h; sourceTree = "<group>"; };
		4105FB3A1806D3A50074C855 /* SmoothTerrainSky.cpp */ = {isa = PBXFileReference; fileEncoding = 4; lastKnownFileType = sourcecode.cpp.cpp; path = SmoothTerrainSky.cpp; sourceTree = "<group>"; };
		4105FB3B1806D3A50074C855 /* SmoothTerrainSky.h */ = {isa = PBXFileReference; fileEncoding = 4; lastKnownFileType = sourcecode.c.h; path = SmoothTerrainSky.h; sourceTree = "<group>"; };
		4105FB401806D3C40074C855 /* TiledTerrainRenderer.cpp */ = {isa = PBXFileReference; fileEncoding = 4; lastKnownFileType = sourcecode.cpp.cpp; path = TiledTerrainRenderer.cpp; sourceTree = "<group>"; };
		4105FB411806D3C40074C855 /* TiledTerrainRenderer.h */ = {isa = PBXFileReference; fileEncoding = 4; lastKnownFileType = sourcecode.c.h; path = TiledTerrainRenderer.h; sourceTree = "<group>"; };
		41396E3117E7517F00EC1DA6 /* Open War.app */ = {isa = PBXFileReference; explicitFileType = wrapper.application; includeInIndex = 0; path = "Open War.app"; sourceTree = BUILT_PRODUCTS_DIR; };
		413B6DFA175CE70B00AABF10 /* Cocoa.framework */ = {isa = PBXFileReference; lastKnownFileType = wrapper.framework; name = Cocoa.framework; path = System/Library/Frameworks/Cocoa.framework; sourceTree = SDKROOT; };
		413B6DFD175CE70B00AABF10 /* AppKit.framework */ = {isa = PBXFileReference; lastKnownFileType = wrapper.framework; name = AppKit.framework; path = System/Library/Frameworks/AppKit.framework; sourceTree = SDKROOT; };
		413B6DFF175CE70B00AABF10 /* Foundation.framework */ = {isa = PBXFileReference; lastKnownFileType = wrapper.framework; name = Foundation.framework; path = System/Library/Frameworks/Foundation.framework; sourceTree = SDKROOT; };
		413B6E02175CE70B00AABF10 /* OpenWar-Info.plist */ = {isa = PBXFileReference; lastKnownFileType = text.plist.xml; path = "OpenWar-Info.plist"; sourceTree = "<group>"; };
		413B6E08175CE70B00AABF10 /* OpenWar-Prefix.pch */ = {isa = PBXFileReference; lastKnownFileType = sourcecode.c.h; path = "OpenWar-Prefix.pch"; sourceTree = "<group>"; };
		413B6ECF175DE18A00AABF10 /* GLKit.framework */ = {isa = PBXFileReference; lastKnownFileType = wrapper.framework; name = GLKit.framework; path = System/Library/Frameworks/GLKit.framework; sourceTree = SDKROOT; };
		413B6ED1175DE19200AABF10 /* OpenGL.framework */ = {isa = PBXFileReference; lastKnownFileType = wrapper.framework; name = OpenGL.framework; path = System/Library/Frameworks/OpenGL.framework; sourceTree = SDKROOT; };
		413B7022175DFEA900AABF10 /* OpenAL.framework */ = {isa = PBXFileReference; lastKnownFileType = wrapper.framework; name = OpenAL.framework; path = System/Library/Frameworks/OpenAL.framework; sourceTree = SDKROOT; };
		413B7024175DFEB900AABF10 /* CoreAudio.framework */ = {isa = PBXFileReference; lastKnownFileType = wrapper.framework; name = CoreAudio.framework; path = System/Library/Frameworks/CoreAudio.framework; sourceTree = SDKROOT; };
		413B7026175DFEC800AABF10 /* AudioToolbox.framework */ = {isa = PBXFileReference; lastKnownFileType = wrapper.framework; name = AudioToolbox.framework; path = System/Library/Frameworks/AudioToolbox.framework; sourceTree = SDKROOT; };
		4156C2A41A139E3F006A264C /* affine2.h */ = {isa = PBXFileReference; fileEncoding = 4; lastKnownFileType = sourcecode.c.h; path = affine2.h; sourceTree = "<group>"; };
		4156C2A51A139E3F006A264C /* bounds.h */ = {isa = PBXFileReference; fileEncoding = 4; lastKnownFileType = sourcecode.c.h; path = bounds.h; sourceTree = "<group>"; };
		4156C2A61A139E3F006A264C /* geometry.cpp */ = {isa = PBXFileReference; fileEncoding = 4; lastKnownFileType = sourcecode.cpp.cpp; path = geometry.cpp; sourceTree = "<group>"; };
		4156C2A71A139E3F006A264C /* geometry.h */ = {isa = PBXFileReference; fileEncoding = 4; lastKnownFileType = sourcecode.c.h; path = geometry.h; sourceTree = "<group>"; };
		4156C2A91A139E3F006A264C /* bspline.cpp */ = {isa = PBXFileReference; fileEncoding = 4; lastKnownFileType = sourcecode.cpp.cpp; path = bspline.cpp; sourceTree = "<group>"; };
		4156C2AA1A139E3F006A264C /* bspline.h */ = {isa = PBXFileReference; fileEncoding = 4; lastKnownFileType = sourcecode.c.h; path = bspline.h; sourceTree = "<group>"; };
		4156C2AB1A139E3F006A264C /* bspline_patch.cpp */ = {isa = PBXFileReference; fileEncoding = 4; lastKnownFileType = sourcecode.cpp.cpp; path = bspline_patch.cpp; sourceTree = "<group>"; };
		4156C2AC1A139E3F006A264C /* bspline_patch.h */ = {isa = PBXFileReference; fileEncoding = 4; lastKnownFileType = sourcecode.c.h; path = bspline_patch.h; sourceTree = "<group>"; };
		4156C2AD1A139E3F006A264C /* GaussBlur.cpp */ = {isa = PBXFileReference; fileEncoding = 4; lastKnownFileType = sourcecode.cpp.cpp; path = GaussBlur.cpp; sourceTree = "<group>"; };
		4156C2AE1A139E3F006A264C /* GaussBlur.h */ = {isa = PBXFileReference; fileEncoding = 4; lastKnownFileType = sourcecode.c.h; path = GaussBlur.h; sourceTree = "<group>"; };
		4156C2AF1A139E3F006A264C /* quadtree.cpp */ = {isa = PBXFileReference; fileEncoding = 4; lastKnownFileType = sourcecode.cpp.cpp; path = quadtree.cpp; sourceTree = "<group>"; };
		4156C2B01A139E3F006A264C /* quadtree.h */ = {isa = PBXFileReference; fileEncoding = 4; lastKnownFileType = sourcecode.c.h; path = quadtree.h; sourceTree = "<group>"; };
		4156C2B41A139E3F006A264C /* SoundLoader.cpp */ = {isa = PBXFileReference; fileEncoding = 4; lastKnownFileType = sourcecode.cpp.cpp; path = SoundLoader.cpp; sourceTree = "<group>"; };
		4156C2B51A139E3F006A264C /* SoundLoader.h */ = {isa = PBXFileReference; fileEncoding = 4; lastKnownFileType = sourcecode.c.h; path = SoundLoader.h; sourceTree = "<group>"; };
		4156C2B61A139E3F006A264C /* SoundPlayer.cpp */ = {isa = PBXFileReference; fileEncoding = 4; lastKnownFileType = sourcecode.cpp.cpp; path = SoundPlayer.cpp; sourceTree = "<group>"; };
		4156C2B71A139E3F006A264C /* SoundPlayer.h */ = {isa = PBXFileReference; fileEncoding = 4; lastKnownFileType = sourcecode.c.h; path = SoundPlayer.h; sourceTree = "<group>"; };
		4156C2DF1A139E3F006A264C /* ScrollerGesture.cpp */ = {isa = PBXFileReference; fileEncoding = 4; lastKnownFileType = sourcecode.cpp.cpp; path = ScrollerGesture.cpp; sourceTree = "<group>"; };
		4156C2E01A139E3F006A264C /* ScrollerGesture.h */ = {isa = PBXFileReference; fileEncoding = 4; lastKnownFileType = sourcecode.c.h; path = ScrollerGesture.h; sourceTree = "<group>"; };
		4156C2E11A139E3F006A264C /* ScrollerHotspot.cpp */ = {isa = PBXFileReference; fileEncoding = 4; lastKnownFileType = sourcecode.cpp.cpp; path = ScrollerHotspot.cpp; sourceTree = "<group>"; };
		4156C2E21A139E3F006A264C /* ScrollerHotspot.h */ = {isa = PBXFileReference; fileEncoding = 4; lastKnownFileType = sourcecode.c.h; path = ScrollerHotspot.h; sourceTree = "<group>"; };
		4156C2E31A139E3F006A264C /* ScrollerViewport.cpp */ = {isa = PBXFileReference; fileEncoding = 4; lastKnownFileType = sourcecode.cpp.cpp; path = ScrollerViewport.cpp; sourceTree = "<group>"; };
		4156C2E41A139E3F006A264C /* ScrollerViewport.h */ = {isa = PBXFileReference; fileEncoding = 4; lastKnownFileType = sourcecode.c.h; path = ScrollerViewport.h; sourceTree = "<group>"; };
		4156C2E61A139E3F006A264C /* BillboardColorShader.cpp */ = {isa = PBXFileReference; fileEncoding = 4; lastKnownFileType = sourcecode.cpp.cpp; path = BillboardColorShader.cpp; sourceTree = "<group>"; };
		4156C2E71A139E3F006A264C /* BillboardColorShader.h */ = {isa = PBXFileReference; fileEncoding = 4; lastKnownFileType = sourcecode.c.h; path = BillboardColorShader.h; sourceTree = "<group>"; };
		4156C2E81A139E3F006A264C /* BillboardTextureShape.cpp */ = {isa = PBXFileReference; fileEncoding = 4; lastKnownFileType = sourcecode.cpp.cpp; path = BillboardTextureShape.cpp; sourceTree = "<group>"; };
		4156C2E91A139E3F006A264C /* BillboardTextureShape.h */ = {isa = PBXFileReference; fileEncoding = 4; lastKnownFileType = sourcecode.c.h; path = BillboardTextureShape.h; sourceTree = "<group>"; };
		4156C2EA1A139E3F006A264C /* PathRenderer.cpp */ = {isa = PBXFileReference; fileEncoding = 4; lastKnownFileType = sourcecode.cpp.cpp; path = PathRenderer.cpp; sourceTree = "<group>"; };
		4156C2EB1A139E3F006A264C /* PathRenderer.h */ = {isa = PBXFileReference; fileEncoding = 4; lastKnownFileType = sourcecode.c.h; path = PathRenderer.h; sourceTree = "<group>"; };
		4156C2EC1A139E3F006A264C /* VertexShape.cpp */ = {isa = PBXFileReference; fileEncoding = 4; lastKnownFileType = sourcecode.cpp.cpp; path = VertexShape.cpp; sourceTree = "<group>"; };
		4156C2ED1A139E3F006A264C /* VertexShape.h */ = {isa = PBXFileReference; fileEncoding = 4; lastKnownFileType = sourcecode.c.h; path = VertexShape.h; sourceTree = "<group>"; };
		4156C2EF1A139E3F006A264C /* Animation.cpp */ = {isa = PBXFileReference; fileEncoding = 4; lastKnownFileType = sourcecode.cpp.cpp; path = Animation.cpp; sourceTree = "<group>"; };
		4156C2F01A139E3F006A264C /* Animation.h */ = {isa = PBXFileReference; fileEncoding = 4; lastKnownFileType = sourcecode.c.h; path = Animation.h; sourceTree = "<group>"; };
		4156C2F11A139E3F006A264C /* Gesture.cpp */ = {isa = PBXFileReference; fileEncoding = 4; lastKnownFileType = sourcecode.cpp.cpp; path = Gesture.cpp; sourceTree = "<group>"; };
		4156C2F21A139E3F006A264C /* Gesture.h */ = {isa = PBXFileReference; fileEncoding = 4; lastKnownFileType = sourcecode.c.h; path = Gesture.h; sourceTree = "<group>"; };
		4156C2F31A139E3F006A264C /* Hotspot.cpp */ = {isa = PBXFileReference; fileEncoding = 4; lastKnownFileType = sourcecode.cpp.cpp; path = Hotspot.cpp; sourceTree = "<group>"; };
		4156C2F41A139E3F006A264C /* Hotspot.h */ = {isa = PBXFileReference; fileEncoding = 4; lastKnownFileType = sourcecode.c.h; path = Hotspot.h; sourceTree = "<group>"; };
		4156C2F51A139E3F006A264C /* Property.h */ = {isa = PBXFileReference; fileEncoding = 4; lastKnownFileType = sourcecode.c.h; path = Property.h; sourceTree = "<group>"; };
		4156C2F61A139E3F006A264C /* Surface.cpp */ = {isa = PBXFileReference; fileEncoding = 4; lastKnownFileType = sourcecode.cpp.cpp; path = Surface.cpp; sourceTree = "<group>"; };
		4156C2F71A139E3F006A264C /* Surface.h */ = {isa = PBXFileReference; fileEncoding = 4; lastKnownFileType = sourcecode.c.h; path = Surface.h; sourceTree = "<group>"; };
		4156C2F81A139E3F006A264C /* Touch.cpp */ = {isa = PBXFileReference; fileEncoding = 4; lastKnownFileType = sourcecode.cpp.cpp; path = Touch.cpp; sourceTree = "<group>"; };
		4156C2F91A139E3F006A264C /* Touch.h */ = {isa = PBXFileReference; fileEncoding = 4; lastKnownFileType = sourcecode.c.h; path = Touch.h; sourceTree = "<group>"; };
		4156C2FA1A139E3F006A264C /* Window.cpp */ = {isa = PBXFileReference; fileEncoding = 4; lastKnownFileType = sourcecode.cpp.cpp; path = Window.cpp; sourceTree = "<group>"; };
		4156C2FB1A139E3F006A264C /* Window.h */ = {isa = PBXFileReference; fileEncoding = 4; lastKnownFileType = sourcecode.c.h; path = Window.h; sourceTree = "<group>"; };
		4156F29519A5FEC300A9990D /* SDL2_mixer.framework */ = {isa = PBXFileReference; lastKnownFileType = wrapper.framework; name = SDL2_mixer.framework; path = ../../../../Library/Frameworks/SDL2_mixer.framework; sourceTree = "<group>"; };
		4168CC731A2387AF007C4509 /* CommonShaders.cpp */ = {isa = PBXFileReference; fileEncoding = 4; lastKnownFileType = sourcecode.cpp.cpp; path = CommonShaders.cpp; sourceTree = "<group>"; };
		4168CC741A2387AF007C4509 /* CommonShaders.h */ = {isa = PBXFileReference; fileEncoding = 4; lastKnownFileType = sourcecode.c.h; path = CommonShaders.h; sourceTree = "<group>"; };
		4168CC751A2387AF007C4509 /* FontAdapter.cpp */ = {isa = PBXFileReference; fileEncoding = 4; lastKnownFileType = sourcecode.cpp.cpp; path = FontAdapter.cpp; sourceTree = "<group>"; };
		4168CC761A2387AF007C4509 /* FontAdapter.h */ = {isa = PBXFileReference; fileEncoding = 4; lastKnownFileType = sourcecode.c.h; path = FontAdapter.h; sourceTree = "<group>"; };
		4168CC771A2387AF007C4509 /* FrameBuffer.cpp */ = {isa = PBXFileReference; fileEncoding = 4; lastKnownFileType = sourcecode.cpp.cpp; path = FrameBuffer.cpp; sourceTree = "<group>"; };
		4168CC781A2387AF007C4509 /* FrameBuffer.h */ = {isa = PBXFileReference; fileEncoding = 4; lastKnownFileType = sourcecode.c.h; path = FrameBuffer.h; sourceTree = "<group>"; };
		4168CC791A2387AF007C4509 /* GraphicsContext.cpp */ = {isa = PBXFileReference; fileEncoding = 4; lastKnownFileType = sourcecode.cpp.cpp; path = GraphicsContext.cpp; sourceTree = "<group>"; };
		4168CC7A1A2387AF007C4509 /* GraphicsContext.h */ = {isa = PBXFileReference; fileEncoding = 4; lastKnownFileType = sourcecode.c.h; path = GraphicsContext.h; sourceTree = "<group>"; };
		4168CC7C1A2387AF007C4509 /* Image.cpp */ = {isa = PBXFileReference; fileEncoding = 4; lastKnownFileType = sourcecode.cpp.cpp; path = Image.cpp; sourceTree = "<group>"; };
		4168CC7D1A2387AF007C4509 /* Image.h */ = {isa = PBXFileReference; fileEncoding = 4; lastKnownFileType = sourcecode.c.h; path = Image.h; sourceTree = "<group>"; };
		4168CC7E1A2387AF007C4509 /* RenderBuffer.cpp */ = {isa = PBXFileReference; fileEncoding = 4; lastKnownFileType = sourcecode.cpp.cpp; path = RenderBuffer.cpp; sourceTree = "<group>"; };
		4168CC7F1A2387AF007C4509 /* RenderBuffer.h */ = {isa = PBXFileReference; fileEncoding = 4; lastKnownFileType = sourcecode.c.h; path = RenderBuffer.h; sourceTree = "<group>"; };
		4168CC801A2387AF007C4509 /* RenderCall.cpp */ = {isa = PBXFileReference; fileEncoding = 4; lastKnownFileType = sourcecode.cpp.cpp; path = RenderCall.cpp; sourceTree = "<group>"; };
		4168CC811A2387AF007C4509 /* RenderCall.h */ = {isa = PBXFileReference; fileEncoding = 4; lastKnownFileType = sourcecode.c.h; path = RenderCall.h; sourceTree = "<group>"; };
		4168CC821A2387AF007C4509 /* RenderLoopObserver.cpp */ = {isa = PBXFileReference; fileEncoding = 4; lastKnownFileType = sourcecode.cpp.cpp; path = RenderLoopObserver.cpp; sourceTree = "<group>"; };
		4168CC831A2387AF007C4509 /* RenderLoopObserver.h */ = {isa = PBXFileReference; fileEncoding = 4; lastKnownFileType = sourcecode.c.h; path = RenderLoopObserver.h; sourceTree = "<group>"; };
		4168CC841A2387AF007C4509 /* ShaderProgram.cpp */ = {isa = PBXFileReference; fileEncoding = 4; lastKnownFileType = sourcecode.cpp.cpp; path = ShaderProgram.cpp; sourceTree = "<group>"; };
		4168CC851A2387AF007C4509 /* ShaderProgram.h */ = {isa = PBXFileReference; fileEncoding = 4; lastKnownFileType = sourcecode.c.h; path = ShaderProgram.h; sourceTree = "<group>"; };
		4168CC861A2387AF007C4509 /* Texture.cpp */ = {isa = PBXFileReference; fileEncoding = 4; lastKnownFileType = sourcecode.cpp.cpp; path = Texture.cpp; sourceTree = "<group>"; };
		4168CC871A2387AF007C4509 /* Texture.h */ = {isa = PBXFileReference; fileEncoding = 4; lastKnownFileType = sourcecode.c.h; path = Texture.h; sourceTree = "<group>"; };
		4168CC881A2387AF007C4509 /* TextureAtlas.cpp */ = {isa = PBXFileReference; fileEncoding = 4; lastKnownFileType = sourcecode.cpp.cpp; path = TextureAtlas.cpp; sourceTree = "<group>"; };
		4168CC891A2387AF007C4509 /* TextureAtlas.h */ = {isa = PBXFileReference; fileEncoding = 4; lastKnownFileType = sourcecode.c.h; path = TextureAtlas.h; sourceTree = "<group>"; };
		4168CC8A1A2387AF007C4509 /* TextureFont.cpp */ = {isa = PBXFileReference; fileEncoding = 4; lastKnownFileType = sourcecode.cpp.cpp; path = TextureFont.cpp; sourceTree = "<group>"; };
		4168CC8B1A2387AF007C4509 /* TextureFont.h */ = {isa = PBXFileReference; fileEncoding = 4; lastKnownFileType = sourcecode.c.h; path = TextureFont.h; sourceTree = "<group>"; };
		4168CC8C1A2387AF007C4509 /* TextureResource.cpp */ = {isa = PBXFileReference; fileEncoding = 4; lastKnownFileType = sourcecode.cpp.cpp; path = TextureResource.cpp; sourceTree = "<group>"; };
		4168CC8D1A2387AF007C4509 /* TextureResource.h */ = {isa = PBXFileReference; fileEncoding = 4; lastKnownFileType = sourcecode.c.h; path = TextureResource.h; sourceTree = "<group>"; };
		4168CC8E1A2387AF007C4509 /* Vertex.cpp */ = {isa = PBXFileReference; fileEncoding = 4; lastKnownFileType = sourcecode.cpp.cpp; path = Vertex.cpp; sourceTree = "<group>"; };
		4168CC8F1A2387AF007C4509 /* Vertex.h */ = {isa = PBXFileReference; fileEncoding = 4; lastKnownFileType = sourcecode.c.h; path = Vertex.h; sourceTree = "<group>"; };
		4168CC901A2387AF007C4509 /* VertexBuffer.cpp */ = {isa = PBXFileReference; fileEncoding = 4; lastKnownFileType = sourcecode.cpp.cpp; path = VertexBuffer.cpp; sourceTree = "<group>"; };
		4168CC911A2387AF007C4509 /* VertexBuffer.h */ = {isa = PBXFileReference; fileEncoding = 4; lastKnownFileType = sourcecode.c.h; path = VertexBuffer.h; sourceTree = "<group>"; };
		4168CC921A2387AF007C4509 /* Viewport.cpp */ = {isa = PBXFileReference; fileEncoding = 4; lastKnownFileType = sourcecode.cpp.cpp; path = Viewport.cpp; sourceTree = "<group>"; };
		4168CC931A2387AF007C4509 /* Viewport.h */ = {isa = PBXFileReference; fileEncoding = 4; lastKnownFileType = sourcecode.c.h; path = Viewport.h; sourceTree = "<group>"; };
		4168CCA41A2387BC007C4509 /* BillboardTextureShader.cpp */ = {isa = PBXFileReference; fileEncoding = 4; lastKnownFileType = sourcecode.cpp.cpp; path = BillboardTextureShader.cpp; sourceTree = "<group>"; };
		4168CCA51A2387BC007C4509 /* BillboardTextureShader.h */ = {isa = PBXFileReference; fileEncoding = 4; lastKnownFileType = sourcecode.c.h; path = BillboardTextureShader.h; sourceTree = "<group>"; };
		4168CCA91A2387E7007C4509 /* ButtonGrid.cpp */ = {isa = PBXFileReference; fileEncoding = 4; lastKnownFileType = sourcecode.cpp.cpp; path = ButtonGrid.cpp; sourceTree = "<group>"; };
		4168CCAA1A2387E7007C4509 /* ButtonGrid.h */ = {isa = PBXFileReference; fileEncoding = 4; lastKnownFileType = sourcecode.c.h; path = ButtonGrid.h; sourceTree = "<group>"; };
		4168CCAD1A2387E7007C4509 /* ButtonGridTextureSheet.cpp */ = {isa = PBXFileReference; fileEncoding = 4; lastKnownFileType = sourcecode.cpp.cpp; path = ButtonGridTextureSheet.cpp; sourceTree = "<group>"; };
		4168CCAE1A2387E7007C4509 /* ButtonGridTextureSheet.h */ = {isa = PBXFileReference; fileEncoding = 4; lastKnownFileType = sourcecode.c.h; path = ButtonGridTextureSheet.h; sourceTree = "<group>"; };
		4168CCAF1A2387E7007C4509 /* ButtonWidget.cpp */ = {isa = PBXFileReference; fileEncoding = 4; lastKnownFileType = sourcecode.cpp.cpp; path = ButtonWidget.cpp; sourceTree = "<group>"; };
		4168CCB01A2387E7007C4509 /* ButtonWidget.h */ = {isa = PBXFileReference; fileEncoding = 4; lastKnownFileType = sourcecode.c.h; path = ButtonWidget.h; sourceTree = "<group>"; };
		4168CCB11A2387E7007C4509 /* ImageWidget.cpp */ = {isa = PBXFileReference; fileEncoding = 4; lastKnownFileType = sourcecode.cpp.cpp; path = ImageWidget.cpp; sourceTree = "<group>"; };
		4168CCB21A2387E7007C4509 /* ImageWidget.h */ = {isa = PBXFileReference; fileEncoding = 4; lastKnownFileType = sourcecode.c.h; path = ImageWidget.h; sourceTree = "<group>"; };
		4168CCB31A2387E7007C4509 /* InputEditor.cpp */ = {isa = PBXFileReference; fileEncoding = 4; lastKnownFileType = sourcecode.cpp.cpp; path = InputEditor.cpp; sourceTree = "<group>"; };
		4168CCB41A2387E7007C4509 /* InputEditor.h */ = {isa = PBXFileReference; fileEncoding = 4; lastKnownFileType = sourcecode.c.h; path = InputEditor.h; sourceTree = "<group>"; };
		4168CCB91A2387E7007C4509 /* InputWidget.cpp */ = {isa = PBXFileReference; fileEncoding = 4; lastKnownFileType = sourcecode.cpp.cpp; path = InputWidget.cpp; sourceTree = "<group>"; };
		4168CCBA1A2387E7007C4509 /* InputWidget.h */ = {isa = PBXFileReference; fileEncoding = 4; lastKnownFileType = sourcecode.c.h; path = InputWidget.h; sourceTree = "<group>"; };
		4168CCBB1A2387E7007C4509 /* StringWidget.cpp */ = {isa = PBXFileReference; fileEncoding = 4; lastKnownFileType = sourcecode.cpp.cpp; path = StringWidget.cpp; sourceTree = "<group>"; };
		4168CCBC1A2387E7007C4509 /* StringWidget.h */ = {isa = PBXFileReference; fileEncoding = 4; lastKnownFileType = sourcecode.c.h; path = StringWidget.h; sourceTree = "<group>"; };
		4168CCBD1A2387E7007C4509 /* Widget.cpp */ = {isa = PBXFileReference; fileEncoding = 4; lastKnownFileType = sourcecode.cpp.cpp; path = Widget.cpp; sourceTree = "<group>"; };
		4168CCBE1A2387E7007C4509 /* Widget.h */ = {isa = PBXFileReference; fileEncoding = 4; lastKnownFileType = sourcecode.c.h; path = Widget.h; sourceTree = "<group>"; };
		4168CCBF1A2387E7007C4509 /* WidgetShader.cpp */ = {isa = PBXFileReference; fileEncoding = 4; lastKnownFileType = sourcecode.cpp.cpp; path = WidgetShader.cpp; sourceTree = "<group>"; };
		4168CCC01A2387E7007C4509 /* WidgetShader.h */ = {isa = PBXFileReference; fileEncoding = 4; lastKnownFileType = sourcecode.c.h; path = WidgetShader.h; sourceTree = "<group>"; };
		4168CCC11A2387E7007C4509 /* WidgetView.cpp */ = {isa = PBXFileReference; fileEncoding = 4; lastKnownFileType = sourcecode.cpp.cpp; path = WidgetView.cpp; sourceTree = "<group>"; };
		4168CCC21A2387E7007C4509 /* WidgetView.h */ = {isa = PBXFileReference; fileEncoding = 4; lastKnownFileType = sourcecode.c.h; path = WidgetView.h; sourceTree = "<group>"; };
		4168CCD11A23885C007C4509 /* View.cpp */ = {isa = PBXFileReference; fileEncoding = 4; lastKnownFileType = sourcecode.cpp.cpp; path = View.cpp; sourceTree = "<group>"; };
		4168CCD21A23885C007C4509 /* View.h */ = {isa = PBXFileReference; fileEncoding = 4; lastKnownFileType = sourcecode.c.h; path = View.h; sourceTree = "<group>"; };
		418FCC3D192DEE0700D7D476 /* SDL2_ttf.framework */ = {isa = PBXFileReference; lastKnownFileType = wrapper.framework; name = SDL2_ttf.framework; path = /Library/Frameworks/SDL2_ttf.framework; sourceTree = "<absolute>"; };
		41B2298B17EC730E00DFA0B6 /* Maps */ = {isa = PBXFileReference; lastKnownFileType = folder; path = Maps; sourceTree = "<group>"; };
		41B2298D17EC730E00DFA0B6 /* Sounds */ = {isa = PBXFileReference; lastKnownFileType = folder; path = Sounds; sourceTree = "<group>"; };
		41B2298E17EC730E00DFA0B6 /* Textures */ = {isa = PBXFileReference; lastKnownFileType = folder; path = Textures; sourceTree = "<group>"; };
		41C0B59817E63DA300C52270 /* SDL2.framework */ = {isa = PBXFileReference; lastKnownFileType = wrapper.framework; name = SDL2.framework; path = /Library/Frameworks/SDL2.framework; sourceTree = "<absolute>"; };
		41F1045F1A6E48C500DE76DE /* Resource.cpp */ = {isa = PBXFileReference; fileEncoding = 4; lastKnownFileType = sourcecode.cpp.cpp; path = Resource.cpp; sourceTree = "<group>"; };
		41F104601A6E48C500DE76DE /* Resource.h */ = {isa = PBXFileReference; fileEncoding = 4; lastKnownFileType = sourcecode.c.h; path = Resource.h; sourceTree = "<group>"; };
		41FE9BC419234E85002F6043 /* PracticeScript.cpp */ = {isa = PBXFileReference; fileEncoding = 4; lastKnownFileType = sourcecode.cpp.cpp; path = PracticeScript.cpp; sourceTree = "<group>"; };
		41FE9BC519234E85002F6043 /* PracticeScript.h */ = {isa = PBXFileReference; fileEncoding = 4; lastKnownFileType = sourcecode.c.h; path = PracticeScript.h; sourceTree = "<group>"; };
		41FE9BC719235641002F6043 /* SDL2_image.framework */ = {isa = PBXFileReference; lastKnownFileType = wrapper.framework; name = SDL2_image.framework; path = /Library/Frameworks/SDL2_image.framework; sourceTree = "<absolute>"; };
		63F550289F6FDB766AB10677 /* TerrainViewport.h */ = {isa = PBXFileReference; fileEncoding = 4; lastKnownFileType = sourcecode.c.h; path = TerrainViewport.h; sourceTree = "<group>"; };
		63F5503DE69D968145B61EA6 /* UnitMarker.cpp */ = {isa = PBXFileReference; fileEncoding = 4; lastKnownFileType = sourcecode.cpp.cpp; path = UnitMarker.cpp; sourceTree = "<group>"; };
		63F550783E4B40F4117A4A1D /* main.cpp */ = {isa = PBXFileReference; fileEncoding = 4; lastKnownFileType = sourcecode.cpp.cpp; lineEnding = 0; path = main.cpp; sourceTree = "<group>"; };
		63F5509439B53C00F30EFF32 /* OpenWarSurface.h */ = {isa = PBXFileReference; fileEncoding = 4; lastKnownFileType = sourcecode.c.h; path = OpenWarSurface.h; sourceTree = "<group>"; };
		63F5511F1662B0ED37E2DEEF /* ClickGesture.cpp */ = {isa = PBXFileReference; fileEncoding = 4; lastKnownFileType = sourcecode.cpp.cpp; path = ClickGesture.cpp; sourceTree = "<group>"; };
		63F5512700D8F875408129B0 /* BattleCommander.h */ = {isa = PBXFileReference; fileEncoding = 4; lastKnownFileType = sourcecode.c.h; path = BattleCommander.h; sourceTree = "<group>"; };
		63F551DA5FF720685BD4D72F /* BillboardTerrainForest.h */ = {isa = PBXFileReference; fileEncoding = 4; lastKnownFileType = sourcecode.c.h; path = BillboardTerrainForest.h; sourceTree = "<group>"; };
		63F551DA89F0EC589EAF7E01 /* TerrainForest.cpp */ = {isa = PBXFileReference; fileEncoding = 4; lastKnownFileType = sourcecode.cpp.cpp; path = TerrainForest.cpp; sourceTree = "<group>"; };
		63F552CCF852821EC8BD4752 /* EditorModel.h */ = {isa = PBXFileReference; fileEncoding = 4; lastKnownFileType = sourcecode.c.h; path = EditorModel.h; sourceTree = "<group>"; };
		63F552E43A0079DB88A52C9E /* RangeMarker.cpp */ = {isa = PBXFileReference; fileEncoding = 4; lastKnownFileType = sourcecode.cpp.cpp; path = RangeMarker.cpp; sourceTree = "<group>"; };
		63F5536A34BFD90B10F1240C /* TerrainGesture.h */ = {isa = PBXFileReference; fileEncoding = 4; lastKnownFileType = sourcecode.c.h; path = TerrainGesture.h; sourceTree = "<group>"; };
		63F553CAD4D4F581C8F04465 /* BillboardTerrainForest.cpp */ = {isa = PBXFileReference; fileEncoding = 4; lastKnownFileType = sourcecode.cpp.cpp; path = BillboardTerrainForest.cpp; sourceTree = "<group>"; };
		63F554AE3DF569B5DF73AA9C /* TerrainViewport.cpp */ = {isa = PBXFileReference; fileEncoding = 4; lastKnownFileType = sourcecode.cpp.cpp; path = TerrainViewport.cpp; sourceTree = "<group>"; };
		63F554EDD3E3CD7369473A6E /* TerrainHotspot.cpp */ = {isa = PBXFileReference; fileEncoding = 4; lastKnownFileType = sourcecode.cpp.cpp; path = TerrainHotspot.cpp; sourceTree = "<group>"; };
		63F5554DB57C199D82F2C968 /* TerrainSky.cpp */ = {isa = PBXFileReference; fileEncoding = 4; lastKnownFileType = sourcecode.cpp.cpp; path = TerrainSky.cpp; sourceTree = "<group>"; };
		63F55561D688DBFDAF97FC7A /* BattleHotspot.cpp */ = {isa = PBXFileReference; fileEncoding = 4; lastKnownFileType = sourcecode.cpp.cpp; path = BattleHotspot.cpp; sourceTree = "<group>"; };
		63F5561912400A1271CD5499 /* BattleView.cpp */ = {isa = PBXFileReference; fileEncoding = 4; lastKnownFileType = sourcecode.cpp.cpp; path = BattleView.cpp; sourceTree = "<group>"; };
		63F55662FF64D23F4AE9F8F2 /* TerrainGesture.cpp */ = {isa = PBXFileReference; fileEncoding = 4; lastKnownFileType = sourcecode.cpp.cpp; path = TerrainGesture.cpp; sourceTree = "<group>"; };
		63F5567B80EBBFC23C6EF38B /* OpenWarSurface.cpp */ = {isa = PBXFileReference; fileEncoding = 4; lastKnownFileType = sourcecode.cpp.cpp; path = OpenWarSurface.cpp; sourceTree = "<group>"; };
		63F556B39CE20E4EF1B28141 /* SamuraiModule.cpp */ = {isa = PBXFileReference; fileEncoding = 4; lastKnownFileType = sourcecode.cpp.cpp; path = SamuraiModule.cpp; sourceTree = "<group>"; };
		63F556D1CAB326A86F2EDBBA /* BattleHotspot.h */ = {isa = PBXFileReference; fileEncoding = 4; lastKnownFileType = sourcecode.c.h; path = BattleHotspot.h; sourceTree = "<group>"; };
		63F55748EE2A52D3E1C88658 /* BattleLayer.h */ = {isa = PBXFileReference; fileEncoding = 4; lastKnownFileType = sourcecode.c.h; path = BattleLayer.h; sourceTree = "<group>"; };
		63F5575A4F049DA365D0685F /* BattleGesture.cpp */ = {isa = PBXFileReference; fileEncoding = 4; lastKnownFileType = sourcecode.cpp.cpp; path = BattleGesture.cpp; sourceTree = "<group>"; };
		63F558098EC65E4AB2495C2C /* UnitTrackingMarker.cpp */ = {isa = PBXFileReference; fileEncoding = 4; lastKnownFileType = sourcecode.cpp.cpp; path = UnitTrackingMarker.cpp; sourceTree = "<group>"; };
		63F5583D00D8165046412FA5 /* EditorHotspot.cpp */ = {isa = PBXFileReference; fileEncoding = 4; lastKnownFileType = sourcecode.cpp.cpp; path = EditorHotspot.cpp; sourceTree = "<group>"; };
		63F5585E94CA07B6133B52A1 /* SamuraiModule.h */ = {isa = PBXFileReference; fileEncoding = 4; lastKnownFileType = sourcecode.c.h; path = SamuraiModule.h; sourceTree = "<group>"; };
		63F558BB253E0635E173BB2E /* ClickGesture.h */ = {isa = PBXFileReference; fileEncoding = 4; lastKnownFileType = sourcecode.c.h; path = ClickGesture.h; sourceTree = "<group>"; };
		63F558F731F350A8BBE8E5A1 /* TerrainView.cpp */ = {isa = PBXFileReference; fileEncoding = 4; lastKnownFileType = sourcecode.cpp.cpp; path = TerrainView.cpp; sourceTree = "<group>"; };
		63F55915F3674C78D929B86D /* FontDescriptor.cpp */ = {isa = PBXFileReference; fileEncoding = 4; lastKnownFileType = sourcecode.cpp.cpp; path = FontDescriptor.cpp; sourceTree = "<group>"; };
		63F559348DB20084619A6C35 /* EditorHotspot.h */ = {isa = PBXFileReference; fileEncoding = 4; lastKnownFileType = sourcecode.c.h; path = EditorHotspot.h; sourceTree = "<group>"; };
		63F5595B4CC40A7DFAC21A7D /* ClickHotspot.h */ = {isa = PBXFileReference; fileEncoding = 4; lastKnownFileType = sourcecode.c.h; path = ClickHotspot.h; sourceTree = "<group>"; };
		63F5597C5AA2418A64923099 /* UnitMovementMarker.h */ = {isa = PBXFileReference; fileEncoding = 4; lastKnownFileType = sourcecode.c.h; path = UnitMovementMarker.h; sourceTree = "<group>"; };
		63F55988E0FC949201850903 /* Sampler.cpp */ = {isa = PBXFileReference; fileEncoding = 4; lastKnownFileType = sourcecode.cpp.cpp; path = Sampler.cpp; sourceTree = "<group>"; };
		63F559A86B147EC2482F2E50 /* SmoothTerrainWater.cpp */ = {isa = PBXFileReference; fileEncoding = 4; lastKnownFileType = sourcecode.cpp.cpp; path = SmoothTerrainWater.cpp; sourceTree = "<group>"; };
		63F559CAE90D309CD6697CC0 /* EditorGesture.cpp */ = {isa = PBXFileReference; fileEncoding = 4; lastKnownFileType = sourcecode.cpp.cpp; path = EditorGesture.cpp; sourceTree = "<group>"; };
		63F55A1C5D494EA7A1DE3EBD /* Sampler.h */ = {isa = PBXFileReference; fileEncoding = 4; lastKnownFileType = sourcecode.c.h; path = Sampler.h; sourceTree = "<group>"; };
		63F55A399C7906BE1D77A063 /* TerrainSky.h */ = {isa = PBXFileReference; fileEncoding = 4; lastKnownFileType = sourcecode.c.h; path = TerrainSky.h; sourceTree = "<group>"; };
		63F55A61E69CB52A7505E66C /* BattleScenario.cpp */ = {isa = PBXFileReference; fileEncoding = 4; lastKnownFileType = sourcecode.cpp.cpp; path = BattleScenario.cpp; sourceTree = "<group>"; };
		63F55AB2BE0DA6BCCD070755 /* UnitTrackingMarker.h */ = {isa = PBXFileReference; fileEncoding = 4; lastKnownFileType = sourcecode.c.h; path = UnitTrackingMarker.h; sourceTree = "<group>"; };
		63F55AD3C680A53B22D999AE /* TerrainView.h */ = {isa = PBXFileReference; fileEncoding = 4; lastKnownFileType = sourcecode.c.h; path = TerrainView.h; sourceTree = "<group>"; };
		63F55B5F9271AA7EA4F00E20 /* CasualtyMarker.h */ = {isa = PBXFileReference; fileEncoding = 4; lastKnownFileType = sourcecode.c.h; path = CasualtyMarker.h; sourceTree = "<group>"; };
		63F55B8BB5DE03C59EE5D3DF /* UnitMarker.h */ = {isa = PBXFileReference; fileEncoding = 4; lastKnownFileType = sourcecode.c.h; path = UnitMarker.h; sourceTree = "<group>"; };
		63F55C4987EA23937F3F120A /* vec2_sampler.cpp */ = {isa = PBXFileReference; fileEncoding = 4; lastKnownFileType = sourcecode.cpp.cpp; path = vec2_sampler.cpp; sourceTree = "<group>"; };
		63F55CCD729E593A1AF60AC3 /* BattleCommander.cpp */ = {isa = PBXFileReference; fileEncoding = 4; lastKnownFileType = sourcecode.cpp.cpp; path = BattleCommander.cpp; sourceTree = "<group>"; };
		63F55D4B276E610FB5B27C6B /* ClickHotspot.cpp */ = {isa = PBXFileReference; fileEncoding = 4; lastKnownFileType = sourcecode.cpp.cpp; path = ClickHotspot.cpp; sourceTree = "<group>"; };
		63F55D5BF82F5A4BBD08DE07 /* vec2_sampler.h */ = {isa = PBXFileReference; fileEncoding = 4; lastKnownFileType = sourcecode.c.h; path = vec2_sampler.h; sourceTree = "<group>"; };
		63F55D5E1B7F9F2AFF583B2D /* UnitMovementMarker.cpp */ = {isa = PBXFileReference; fileEncoding = 4; lastKnownFileType = sourcecode.cpp.cpp; path = UnitMovementMarker.cpp; sourceTree = "<group>"; };
		63F55D897FA67A71DB48D943 /* TerrainForest.h */ = {isa = PBXFileReference; fileEncoding = 4; lastKnownFileType = sourcecode.c.h; path = TerrainForest.h; sourceTree = "<group>"; };
		63F55D8F4295FAA02DC0AEEF /* BattleView.h */ = {isa = PBXFileReference; fileEncoding = 4; lastKnownFileType = sourcecode.c.h; path = BattleView.h; sourceTree = "<group>"; };
		63F55DBCC40B52D605011072 /* BattleLayer.cpp */ = {isa = PBXFileReference; fileEncoding = 4; lastKnownFileType = sourcecode.cpp.cpp; path = BattleLayer.cpp; sourceTree = "<group>"; };
		63F55DFD84BC5463290D7393 /* CasualtyMarker.cpp */ = {isa = PBXFileReference; fileEncoding = 4; lastKnownFileType = sourcecode.cpp.cpp; path = CasualtyMarker.cpp; sourceTree = "<group>"; };
		63F55E0DF535BDD7022C6BFD /* SmoothTerrainWater.h */ = {isa = PBXFileReference; fileEncoding = 4; lastKnownFileType = sourcecode.c.h; path = SmoothTerrainWater.h; sourceTree = "<group>"; };
		63F55E5ACB461AF50E8B57D9 /* RangeMarker.h */ = {isa = PBXFileReference; fileEncoding = 4; lastKnownFileType = sourcecode.c.h; path = RangeMarker.h; sourceTree = "<group>"; };
		63F55EA7CE6A2900CE71DD1D /* EditorGesture.h */ = {isa = PBXFileReference; fileEncoding = 4; lastKnownFileType = sourcecode.c.h; path = EditorGesture.h; sourceTree = "<group>"; };
		63F55ECD0E316AB8F5468718 /* TerrainHotspot.h */ = {isa = PBXFileReference; fileEncoding = 4; lastKnownFileType = sourcecode.c.h; path = TerrainHotspot.h; sourceTree = "<group>"; };
		63F55EDEE5AF3C0B27543240 /* EditorModel.cpp */ = {isa = PBXFileReference; fileEncoding = 4; lastKnownFileType = sourcecode.cpp.cpp; path = EditorModel.cpp; sourceTree = "<group>"; };
		63F55F83E4632B94624A94E5 /* FontDescriptor.h */ = {isa = PBXFileReference; fileEncoding = 4; lastKnownFileType = sourcecode.c.h; path = FontDescriptor.h; sourceTree = "<group>"; };
		63F55F8AEA7149588D5DA97F /* BattleScenario.h */ = {isa = PBXFileReference; fileEncoding = 4; lastKnownFileType = sourcecode.c.h; path = BattleScenario.h; sourceTree = "<group>"; };
		63F55FBEF0278E29E88A088C /* BattleGesture.h */ = {isa = PBXFileReference; fileEncoding = 4; lastKnownFileType = sourcecode.c.h; path = BattleGesture.h; sourceTree = "<group>"; };
/* End PBXFileReference section */

/* Begin PBXFrameworksBuildPhase section */
		41396E0717E7517F00EC1DA6 /* Frameworks */ = {
			isa = PBXFrameworksBuildPhase;
			buildActionMask = 2147483647;
			files = (
				41396E0A17E7517F00EC1DA6 /* AudioToolbox.framework in Frameworks */,
				41396E0B17E7517F00EC1DA6 /* Cocoa.framework in Frameworks */,
				41396E0C17E7517F00EC1DA6 /* GLKit.framework in Frameworks */,
				41396E0D17E7517F00EC1DA6 /* OpenAL.framework in Frameworks */,
				41396E0E17E7517F00EC1DA6 /* OpenGL.framework in Frameworks */,
				41396E0817E7517F00EC1DA6 /* SDL2.framework in Frameworks */,
				41FE9BC819235642002F6043 /* SDL2_image.framework in Frameworks */,
				4156F29619A5FEC300A9990D /* SDL2_mixer.framework in Frameworks */,
				418FCC3E192DEE0700D7D476 /* SDL2_ttf.framework in Frameworks */,
			);
			runOnlyForDeploymentPostprocessing = 0;
		};
/* End PBXFrameworksBuildPhase section */

/* Begin PBXGroup section */
		4105FB141806D3890074C855 /* BattleModel */ = {
			isa = PBXGroup;
			children = (
				63F55CCD729E593A1AF60AC3 /* BattleCommander.cpp */,
				63F5512700D8F875408129B0 /* BattleCommander.h */,
				63F55A61E69CB52A7505E66C /* BattleScenario.cpp */,
				63F55F8AEA7149588D5DA97F /* BattleScenario.h */,
				4105FB171806D3890074C855 /* BattleScript.cpp */,
				4105FB181806D3890074C855 /* BattleScript.h */,
				4105FB191806D3890074C855 /* BattleSimulator.cpp */,
				4105FB1A1806D3890074C855 /* BattleSimulator.h */,
				4105FB1B1806D3890074C855 /* GroundMap.cpp */,
				4105FB1C1806D3890074C855 /* GroundMap.h */,
				4105FB1D1806D3890074C855 /* HeightMap.cpp */,
				4105FB1E1806D3890074C855 /* HeightMap.h */,
				4105FB1F1806D3890074C855 /* MovementRules.cpp */,
				4105FB201806D3890074C855 /* MovementRules.h */,
				4105FB211806D3890074C855 /* SmoothGroundMap.cpp */,
				4105FB221806D3890074C855 /* SmoothGroundMap.h */,
				4105FB231806D3890074C855 /* TiledGroundMap.cpp */,
				4105FB241806D3890074C855 /* TiledGroundMap.h */,
				63F556B39CE20E4EF1B28141 /* SamuraiModule.cpp */,
				63F5585E94CA07B6133B52A1 /* SamuraiModule.h */,
				41FE9BC419234E85002F6043 /* PracticeScript.cpp */,
				41FE9BC519234E85002F6043 /* PracticeScript.h */,
			);
			path = BattleModel;
			sourceTree = "<group>";
		};
		4105FB3F1806D3C40074C855 /* TiledTerrain */ = {
			isa = PBXGroup;
			children = (
				4105FB401806D3C40074C855 /* TiledTerrainRenderer.cpp */,
				4105FB411806D3C40074C855 /* TiledTerrainRenderer.h */,
			);
			path = TiledTerrain;
			sourceTree = "<group>";
		};
		413B6DEE175CE70B00AABF10 = {
			isa = PBXGroup;
			children = (
				413B6E02175CE70B00AABF10 /* OpenWar-Info.plist */,
				413B6E08175CE70B00AABF10 /* OpenWar-Prefix.pch */,
				63F550783E4B40F4117A4A1D /* main.cpp */,
				41B2298817EC72C400DFA0B6 /* Resources */,
				63F5583EE4EC35D3F54CFCF1 /* Library */,
				63F5514E02B8998EDF2FC576 /* Platform */,
				413B6DF9175CE70B00AABF10 /* Frameworks */,
				413B6DF8175CE70B00AABF10 /* Products */,
			);
			sourceTree = "<group>";
		};
		413B6DF8175CE70B00AABF10 /* Products */ = {
			isa = PBXGroup;
			children = (
				41396E3117E7517F00EC1DA6 /* Open War.app */,
			);
			name = Products;
			sourceTree = "<group>";
		};
		413B6DF9175CE70B00AABF10 /* Frameworks */ = {
			isa = PBXGroup;
			children = (
				413B6DFD175CE70B00AABF10 /* AppKit.framework */,
				413B7026175DFEC800AABF10 /* AudioToolbox.framework */,
				413B6DFA175CE70B00AABF10 /* Cocoa.framework */,
				413B7024175DFEB900AABF10 /* CoreAudio.framework */,
				413B6DFF175CE70B00AABF10 /* Foundation.framework */,
				413B6ECF175DE18A00AABF10 /* GLKit.framework */,
				413B7022175DFEA900AABF10 /* OpenAL.framework */,
				413B6ED1175DE19200AABF10 /* OpenGL.framework */,
				41C0B59817E63DA300C52270 /* SDL2.framework */,
				41FE9BC719235641002F6043 /* SDL2_image.framework */,
				4156F29519A5FEC300A9990D /* SDL2_mixer.framework */,
				418FCC3D192DEE0700D7D476 /* SDL2_ttf.framework */,
			);
			name = Frameworks;
			sourceTree = "<group>";
		};
		4156C2A31A139E3F006A264C /* Algebra */ = {
			isa = PBXGroup;
			children = (
				4156C2A41A139E3F006A264C /* affine2.h */,
				4156C2A51A139E3F006A264C /* bounds.h */,
				4156C2A61A139E3F006A264C /* geometry.cpp */,
				4156C2A71A139E3F006A264C /* geometry.h */,
			);
			path = Algebra;
			sourceTree = "<group>";
		};
		4156C2A81A139E3F006A264C /* Algorithms */ = {
			isa = PBXGroup;
			children = (
				4156C2A91A139E3F006A264C /* bspline.cpp */,
				4156C2AA1A139E3F006A264C /* bspline.h */,
				4156C2AB1A139E3F006A264C /* bspline_patch.cpp */,
				4156C2AC1A139E3F006A264C /* bspline_patch.h */,
				4156C2AD1A139E3F006A264C /* GaussBlur.cpp */,
				4156C2AE1A139E3F006A264C /* GaussBlur.h */,
				4156C2AF1A139E3F006A264C /* quadtree.cpp */,
				4156C2B01A139E3F006A264C /* quadtree.h */,
				63F55C4987EA23937F3F120A /* vec2_sampler.cpp */,
				63F55D5BF82F5A4BBD08DE07 /* vec2_sampler.h */,
			);
			path = Algorithms;
			sourceTree = "<group>";
		};
		4156C2B31A139E3F006A264C /* Audio */ = {
			isa = PBXGroup;
			children = (
				4156C2B41A139E3F006A264C /* SoundLoader.cpp */,
				4156C2B51A139E3F006A264C /* SoundLoader.h */,
				4156C2B61A139E3F006A264C /* SoundPlayer.cpp */,
				4156C2B71A139E3F006A264C /* SoundPlayer.h */,
			);
			path = Audio;
			sourceTree = "<group>";
		};
		4156C2B81A139E3F006A264C /* Graphics */ = {
			isa = PBXGroup;
			children = (
				4168CC731A2387AF007C4509 /* CommonShaders.cpp */,
				4168CC741A2387AF007C4509 /* CommonShaders.h */,
				4168CC751A2387AF007C4509 /* FontAdapter.cpp */,
				4168CC761A2387AF007C4509 /* FontAdapter.h */,
				4168CC771A2387AF007C4509 /* FrameBuffer.cpp */,
				4168CC781A2387AF007C4509 /* FrameBuffer.h */,
				4168CC791A2387AF007C4509 /* GraphicsContext.cpp */,
				4168CC7A1A2387AF007C4509 /* GraphicsContext.h */,
				4168CC7C1A2387AF007C4509 /* Image.cpp */,
				4168CC7D1A2387AF007C4509 /* Image.h */,
				4168CC7E1A2387AF007C4509 /* RenderBuffer.cpp */,
				4168CC7F1A2387AF007C4509 /* RenderBuffer.h */,
				4168CC801A2387AF007C4509 /* RenderCall.cpp */,
				4168CC811A2387AF007C4509 /* RenderCall.h */,
				4168CC821A2387AF007C4509 /* RenderLoopObserver.cpp */,
				4168CC831A2387AF007C4509 /* RenderLoopObserver.h */,
				4168CC841A2387AF007C4509 /* ShaderProgram.cpp */,
				4168CC851A2387AF007C4509 /* ShaderProgram.h */,
				4168CC861A2387AF007C4509 /* Texture.cpp */,
				4168CC871A2387AF007C4509 /* Texture.h */,
				4168CC881A2387AF007C4509 /* TextureAtlas.cpp */,
				4168CC891A2387AF007C4509 /* TextureAtlas.h */,
				4168CC8A1A2387AF007C4509 /* TextureFont.cpp */,
				4168CC8B1A2387AF007C4509 /* TextureFont.h */,
				4168CC8C1A2387AF007C4509 /* TextureResource.cpp */,
				4168CC8D1A2387AF007C4509 /* TextureResource.h */,
				4168CC8E1A2387AF007C4509 /* Vertex.cpp */,
				4168CC8F1A2387AF007C4509 /* Vertex.h */,
				4168CC901A2387AF007C4509 /* VertexBuffer.cpp */,
				4168CC911A2387AF007C4509 /* VertexBuffer.h */,
				4168CC921A2387AF007C4509 /* Viewport.cpp */,
				4168CC931A2387AF007C4509 /* Viewport.h */,
				63F55915F3674C78D929B86D /* FontDescriptor.cpp */,
				63F55F83E4632B94624A94E5 /* FontDescriptor.h */,
				63F55988E0FC949201850903 /* Sampler.cpp */,
				63F55A1C5D494EA7A1DE3EBD /* Sampler.h */,
			);
			path = Graphics;
			sourceTree = "<group>";
		};
		4156C2DE1A139E3F006A264C /* Scroller */ = {
			isa = PBXGroup;
			children = (
				4156C2DF1A139E3F006A264C /* ScrollerGesture.cpp */,
				4156C2E01A139E3F006A264C /* ScrollerGesture.h */,
				4156C2E11A139E3F006A264C /* ScrollerHotspot.cpp */,
				4156C2E21A139E3F006A264C /* ScrollerHotspot.h */,
				4156C2E31A139E3F006A264C /* ScrollerViewport.cpp */,
				4156C2E41A139E3F006A264C /* ScrollerViewport.h */,
			);
			path = Scroller;
			sourceTree = "<group>";
		};
		4156C2E51A139E3F006A264C /* Shapes */ = {
			isa = PBXGroup;
			children = (
				4156C2E61A139E3F006A264C /* BillboardColorShader.cpp */,
				4156C2E71A139E3F006A264C /* BillboardColorShader.h */,
				4168CCA41A2387BC007C4509 /* BillboardTextureShader.cpp */,
				4168CCA51A2387BC007C4509 /* BillboardTextureShader.h */,
				4156C2E81A139E3F006A264C /* BillboardTextureShape.cpp */,
				4156C2E91A139E3F006A264C /* BillboardTextureShape.h */,
				4156C2EA1A139E3F006A264C /* PathRenderer.cpp */,
				4156C2EB1A139E3F006A264C /* PathRenderer.h */,
				4156C2EC1A139E3F006A264C /* VertexShape.cpp */,
				4156C2ED1A139E3F006A264C /* VertexShape.h */,
			);
			path = Shapes;
			sourceTree = "<group>";
		};
		4156C2EE1A139E3F006A264C /* Surface */ = {
			isa = PBXGroup;
			children = (
				4156C2EF1A139E3F006A264C /* Animation.cpp */,
				4156C2F01A139E3F006A264C /* Animation.h */,
				4156C2F11A139E3F006A264C /* Gesture.cpp */,
				4156C2F21A139E3F006A264C /* Gesture.h */,
				4156C2F31A139E3F006A264C /* Hotspot.cpp */,
				4156C2F41A139E3F006A264C /* Hotspot.h */,
				4156C2F51A139E3F006A264C /* Property.h */,
				4156C2F61A139E3F006A264C /* Surface.cpp */,
				4156C2F71A139E3F006A264C /* Surface.h */,
				4156C2F81A139E3F006A264C /* Touch.cpp */,
				4156C2F91A139E3F006A264C /* Touch.h */,
				4168CCD11A23885C007C4509 /* View.cpp */,
				4168CCD21A23885C007C4509 /* View.h */,
				4156C2FA1A139E3F006A264C /* Window.cpp */,
				4156C2FB1A139E3F006A264C /* Window.h */,
				63F5511F1662B0ED37E2DEEF /* ClickGesture.cpp */,
				63F558BB253E0635E173BB2E /* ClickGesture.h */,
				63F55D4B276E610FB5B27C6B /* ClickHotspot.cpp */,
				63F5595B4CC40A7DFAC21A7D /* ClickHotspot.h */,
			);
			path = Surface;
			sourceTree = "<group>";
		};
		4156C2FC1A139E3F006A264C /* Widgets */ = {
			isa = PBXGroup;
			children = (
				4168CCA91A2387E7007C4509 /* ButtonGrid.cpp */,
				4168CCAA1A2387E7007C4509 /* ButtonGrid.h */,
				4168CCAD1A2387E7007C4509 /* ButtonGridTextureSheet.cpp */,
				4168CCAE1A2387E7007C4509 /* ButtonGridTextureSheet.h */,
				4168CCAF1A2387E7007C4509 /* ButtonWidget.cpp */,
				4168CCB01A2387E7007C4509 /* ButtonWidget.h */,
				4168CCB11A2387E7007C4509 /* ImageWidget.cpp */,
				4168CCB21A2387E7007C4509 /* ImageWidget.h */,
				4168CCB31A2387E7007C4509 /* InputEditor.cpp */,
				4168CCB41A2387E7007C4509 /* InputEditor.h */,
				4168CCB91A2387E7007C4509 /* InputWidget.cpp */,
				4168CCBA1A2387E7007C4509 /* InputWidget.h */,
				4168CCBB1A2387E7007C4509 /* StringWidget.cpp */,
				4168CCBC1A2387E7007C4509 /* StringWidget.h */,
				4168CCBD1A2387E7007C4509 /* Widget.cpp */,
				4168CCBE1A2387E7007C4509 /* Widget.h */,
				4168CCBF1A2387E7007C4509 /* WidgetShader.cpp */,
				4168CCC01A2387E7007C4509 /* WidgetShader.h */,
				4168CCC11A2387E7007C4509 /* WidgetView.cpp */,
				4168CCC21A2387E7007C4509 /* WidgetView.h */,
			);
			path = Widgets;
			sourceTree = "<group>";
		};
		41B2298817EC72C400DFA0B6 /* Resources */ = {
			isa = PBXGroup;
			children = (
				41B2298B17EC730E00DFA0B6 /* Maps */,
				41B2298D17EC730E00DFA0B6 /* Sounds */,
				41B2298E17EC730E00DFA0B6 /* Textures */,
			);
			path = Resources;
			sourceTree = "<group>";
		};
		63F5514E02B8998EDF2FC576 /* Platform */ = {
			isa = PBXGroup;
			children = (
				4105FB141806D3890074C855 /* BattleModel */,
				63F55FFA5FE3E081A6015693 /* BattleView */,
				63F55588CA4F5E074F058960 /* SmoothTerrain */,
				63F55334853E0F5F252CE107 /* TerrainForest */,
				63F55C7AE6C66094DA9E0F6F /* TerrainSky */,
				63F553EC0C3E195D719DAB42 /* TerrainView */,
				4105FB3F1806D3C40074C855 /* TiledTerrain */,
				63F5567B80EBBFC23C6EF38B /* OpenWarSurface.cpp */,
				63F5509439B53C00F30EFF32 /* OpenWarSurface.h */,
			);
			path = Platform;
			sourceTree = "<group>";
		};
		63F55334853E0F5F252CE107 /* TerrainForest */ = {
			isa = PBXGroup;
			children = (
				63F551DA5FF720685BD4D72F /* BillboardTerrainForest.h */,
				63F553CAD4D4F581C8F04465 /* BillboardTerrainForest.cpp */,
				63F55D897FA67A71DB48D943 /* TerrainForest.h */,
				63F551DA89F0EC589EAF7E01 /* TerrainForest.cpp */,
			);
			path = TerrainForest;
			sourceTree = "<group>";
		};
		63F553EC0C3E195D719DAB42 /* TerrainView */ = {
			isa = PBXGroup;
			children = (
				63F55662FF64D23F4AE9F8F2 /* TerrainGesture.cpp */,
				63F5536A34BFD90B10F1240C /* TerrainGesture.h */,
				63F558F731F350A8BBE8E5A1 /* TerrainView.cpp */,
				63F55AD3C680A53B22D999AE /* TerrainView.h */,
				63F55EDEE5AF3C0B27543240 /* EditorModel.cpp */,
				63F55EA7CE6A2900CE71DD1D /* EditorGesture.h */,
				63F559CAE90D309CD6697CC0 /* EditorGesture.cpp */,
				63F552CCF852821EC8BD4752 /* EditorModel.h */,
				63F5583D00D8165046412FA5 /* EditorHotspot.cpp */,
				63F559348DB20084619A6C35 /* EditorHotspot.h */,
				63F554EDD3E3CD7369473A6E /* TerrainHotspot.cpp */,
				63F55ECD0E316AB8F5468718 /* TerrainHotspot.h */,
				63F554AE3DF569B5DF73AA9C /* TerrainViewport.cpp */,
				63F550289F6FDB766AB10677 /* TerrainViewport.h */,
			);
			path = TerrainView;
			sourceTree = "<group>";
		};
		63F55588CA4F5E074F058960 /* SmoothTerrain */ = {
			isa = PBXGroup;
			children = (
				4105FB361806D3A50074C855 /* SmoothTerrainRenderer.cpp */,
				4105FB371806D3A50074C855 /* SmoothTerrainRenderer.h */,
				4105FB381806D3A50074C855 /* SmoothTerrainShaders.cpp */,
				4105FB391806D3A50074C855 /* SmoothTerrainShaders.h */,
				4105FB3A1806D3A50074C855 /* SmoothTerrainSky.cpp */,
				4105FB3B1806D3A50074C855 /* SmoothTerrainSky.h */,
				63F559A86B147EC2482F2E50 /* SmoothTerrainWater.cpp */,
				63F55E0DF535BDD7022C6BFD /* SmoothTerrainWater.h */,
			);
			path = SmoothTerrain;
			sourceTree = "<group>";
		};
		63F5559084040FC443F651C1 /* Storage */ = {
			isa = PBXGroup;
			children = (
				41F1045F1A6E48C500DE76DE /* Resource.cpp */,
				41F104601A6E48C500DE76DE /* Resource.h */,
			);
			path = Storage;
			sourceTree = "<group>";
		};
		63F5583EE4EC35D3F54CFCF1 /* Library */ = {
			isa = PBXGroup;
			children = (
				4156C2A31A139E3F006A264C /* Algebra */,
				4156C2A81A139E3F006A264C /* Algorithms */,
				4156C2B31A139E3F006A264C /* Audio */,
				4156C2B81A139E3F006A264C /* Graphics */,
				4156C2DE1A139E3F006A264C /* Scroller */,
				4156C2E51A139E3F006A264C /* Shapes */,
				63F5559084040FC443F651C1 /* Storage */,
				4156C2EE1A139E3F006A264C /* Surface */,
				4156C2FC1A139E3F006A264C /* Widgets */,
			);
			path = Library;
			sourceTree = "<group>";
		};
		63F55C7AE6C66094DA9E0F6F /* TerrainSky */ = {
			isa = PBXGroup;
			children = (
				63F5554DB57C199D82F2C968 /* TerrainSky.cpp */,
				63F55A399C7906BE1D77A063 /* TerrainSky.h */,
			);
			path = TerrainSky;
			sourceTree = "<group>";
		};
		63F55FFA5FE3E081A6015693 /* BattleView */ = {
			isa = PBXGroup;
			children = (
				4105FB2D1806D3970074C855 /* ShootingCounter.cpp */,
				4105FB2E1806D3970074C855 /* ShootingCounter.h */,
				4105FB2F1806D3970074C855 /* SmokeCounter.cpp */,
				4105FB301806D3970074C855 /* SmokeCounter.h */,
				4105FB311806D3970074C855 /* UnitCounter.cpp */,
				4105FB321806D3970074C855 /* UnitCounter.h */,
				63F5561912400A1271CD5499 /* BattleView.cpp */,
				63F55D8F4295FAA02DC0AEEF /* BattleView.h */,
				63F5575A4F049DA365D0685F /* BattleGesture.cpp */,
				63F55FBEF0278E29E88A088C /* BattleGesture.h */,
				63F55DFD84BC5463290D7393 /* CasualtyMarker.cpp */,
				63F55B5F9271AA7EA4F00E20 /* CasualtyMarker.h */,
				63F55D5E1B7F9F2AFF583B2D /* UnitMovementMarker.cpp */,
				63F5597C5AA2418A64923099 /* UnitMovementMarker.h */,
				63F552E43A0079DB88A52C9E /* RangeMarker.cpp */,
				63F55E5ACB461AF50E8B57D9 /* RangeMarker.h */,
				63F558098EC65E4AB2495C2C /* UnitTrackingMarker.cpp */,
				63F55AB2BE0DA6BCCD070755 /* UnitTrackingMarker.h */,
				63F5503DE69D968145B61EA6 /* UnitMarker.cpp */,
				63F55B8BB5DE03C59EE5D3DF /* UnitMarker.h */,
				63F55DBCC40B52D605011072 /* BattleLayer.cpp */,
				63F55748EE2A52D3E1C88658 /* BattleLayer.h */,
				63F55561D688DBFDAF97FC7A /* BattleHotspot.cpp */,
				63F556D1CAB326A86F2EDBBA /* BattleHotspot.h */,
			);
			path = BattleView;
			sourceTree = "<group>";
		};
/* End PBXGroup section */

/* Begin PBXNativeTarget section */
		41396DC317E7517F00EC1DA6 /* Open War */ = {
			isa = PBXNativeTarget;
			buildConfigurationList = 41396E2E17E7517F00EC1DA6 /* Build configuration list for PBXNativeTarget "Open War" */;
			buildPhases = (
				41396DC417E7517F00EC1DA6 /* Sources */,
				41396E0717E7517F00EC1DA6 /* Frameworks */,
				41396E0F17E7517F00EC1DA6 /* Resources */,
			);
			buildRules = (
			);
			dependencies = (
			);
			name = "Open War";
			productName = OpenWar;
			productReference = 41396E3117E7517F00EC1DA6 /* Open War.app */;
			productType = "com.apple.product-type.application";
		};
/* End PBXNativeTarget section */

/* Begin PBXProject section */
		413B6DEF175CE70B00AABF10 /* Project object */ = {
			isa = PBXProject;
			attributes = {
				LastUpgradeCheck = 0500;
				ORGANIZATIONNAME = openwar.org;
			};
			buildConfigurationList = 413B6DF2175CE70B00AABF10 /* Build configuration list for PBXProject "OpenWar" */;
			compatibilityVersion = "Xcode 3.2";
			developmentRegion = English;
			hasScannedForEncodings = 0;
			knownRegions = (
				en,
			);
			mainGroup = 413B6DEE175CE70B00AABF10;
			productRefGroup = 413B6DF8175CE70B00AABF10 /* Products */;
			projectDirPath = "";
			projectRoot = "";
			targets = (
				41396DC317E7517F00EC1DA6 /* Open War */,
			);
		};
/* End PBXProject section */

/* Begin PBXResourcesBuildPhase section */
		41396E0F17E7517F00EC1DA6 /* Resources */ = {
			isa = PBXResourcesBuildPhase;
			buildActionMask = 2147483647;
			files = (
				41B2299217EC730E00DFA0B6 /* Textures in Resources */,
				41B2299117EC730E00DFA0B6 /* Sounds in Resources */,
				41B2298F17EC730E00DFA0B6 /* Maps in Resources */,
			);
			runOnlyForDeploymentPostprocessing = 0;
		};
/* End PBXResourcesBuildPhase section */

/* Begin PBXSourcesBuildPhase section */
		41396DC417E7517F00EC1DA6 /* Sources */ = {
			isa = PBXSourcesBuildPhase;
			buildActionMask = 2147483647;
			files = (
				4168CCCF1A2387E7007C4509 /* WidgetShader.cpp in Sources */,
				4168CCC41A2387E7007C4509 /* ButtonGrid.cpp in Sources */,
				4105FB351806D3970074C855 /* UnitCounter.cpp in Sources */,
				4105FB261806D3890074C855 /* BattleScript.cpp in Sources */,
				4168CCC61A2387E7007C4509 /* ButtonGridTextureSheet.cpp in Sources */,
				4105FB2A1806D3890074C855 /* MovementRules.cpp in Sources */,
				4105FB421806D3C40074C855 /* TiledTerrainRenderer.cpp in Sources */,
				4105FB281806D3890074C855 /* GroundMap.cpp in Sources */,
				4156C32F1A139E40006A264C /* VertexShape.cpp in Sources */,
				4105FB271806D3890074C855 /* BattleSimulator.cpp in Sources */,
				4168CCD01A2387E7007C4509 /* WidgetView.cpp in Sources */,
				41FE9BC619234E85002F6043 /* PracticeScript.cpp in Sources */,
				4168CCA01A2387AF007C4509 /* TextureResource.cpp in Sources */,
				4168CC971A2387AF007C4509 /* GraphicsContext.cpp in Sources */,
				4168CC9C1A2387AF007C4509 /* ShaderProgram.cpp in Sources */,
				4168CC9F1A2387AF007C4509 /* TextureFont.cpp in Sources */,
				4168CCD31A23885C007C4509 /* View.cpp in Sources */,
				4105FB331806D3970074C855 /* ShootingCounter.cpp in Sources */,
				4105FB2C1806D3890074C855 /* TiledGroundMap.cpp in Sources */,
				4168CC9B1A2387AF007C4509 /* RenderLoopObserver.cpp in Sources */,
				4105FB291806D3890074C855 /* HeightMap.cpp in Sources */,
				63F5575DCDE438070E9DF48C /* BattleView.cpp in Sources */,
				63F55D45A7A30820587225CB /* BattleGesture.cpp in Sources */,
				4156C3111A139E40006A264C /* bspline_patch.cpp in Sources */,
				4156C3101A139E40006A264C /* bspline.cpp in Sources */,
				4168CCA11A2387AF007C4509 /* Vertex.cpp in Sources */,
				63F5582E120B722D806CDB58 /* CasualtyMarker.cpp in Sources */,
				63F55433D66E0956B386D227 /* UnitMovementMarker.cpp in Sources */,
				63F5596C0986FE7D81143BE1 /* RangeMarker.cpp in Sources */,
				4168CC961A2387AF007C4509 /* FrameBuffer.cpp in Sources */,
				63F5563E7284F60A11F8D90F /* UnitTrackingMarker.cpp in Sources */,
				4168CCC71A2387E7007C4509 /* ButtonWidget.cpp in Sources */,
				63F559482A86E47274136F37 /* UnitMarker.cpp in Sources */,
				4168CC9E1A2387AF007C4509 /* TextureAtlas.cpp in Sources */,
				4105FB341806D3970074C855 /* SmokeCounter.cpp in Sources */,
				4156C3351A139E40006A264C /* Window.cpp in Sources */,
				4168CC951A2387AF007C4509 /* FontAdapter.cpp in Sources */,
				4156C32E1A139E40006A264C /* PathRenderer.cpp in Sources */,
				63F55D68A07CFDC7816F111A /* SmoothTerrainWater.cpp in Sources */,
				4168CCA61A2387BC007C4509 /* BillboardTextureShader.cpp in Sources */,
				4156C3301A139E40006A264C /* Animation.cpp in Sources */,
				4168CCCE1A2387E7007C4509 /* Widget.cpp in Sources */,
				4168CCCD1A2387E7007C4509 /* StringWidget.cpp in Sources */,
				63F55ECBBDB6C8631D7D8524 /* BillboardTerrainForest.cpp in Sources */,
				4105FB2B1806D3890074C855 /* SmoothGroundMap.cpp in Sources */,
				41F104611A6E48C500DE76DE /* Resource.cpp in Sources */,
				63F550B662BEEAAA8D48C2A8 /* TerrainForest.cpp in Sources */,
				4105FB3C1806D3A50074C855 /* SmoothTerrainRenderer.cpp in Sources */,
				63F5552382844DD951176704 /* TerrainSky.cpp in Sources */,
				4156C3151A139E40006A264C /* SoundLoader.cpp in Sources */,
				4156C3321A139E40006A264C /* Hotspot.cpp in Sources */,
				63F55FBC597899D12FDCC5E9 /* TerrainGesture.cpp in Sources */,
				4105FB3D1806D3A50074C855 /* SmoothTerrainShaders.cpp in Sources */,
				63F5570002E7A8C45BA9193F /* TerrainView.cpp in Sources */,
				63F55DC9F91104DB98854A0F /* EditorModel.cpp in Sources */,
				63F55E04CBD1D5B38067D31A /* EditorGesture.cpp in Sources */,
				4168CC9D1A2387AF007C4509 /* Texture.cpp in Sources */,
				4105FB3E1806D3A50074C855 /* SmoothTerrainSky.cpp in Sources */,
				4156C3131A139E40006A264C /* quadtree.cpp in Sources */,
				4156C3331A139E40006A264C /* Surface.cpp in Sources */,
				4168CCA31A2387AF007C4509 /* Viewport.cpp in Sources */,
				4156C32D1A139E40006A264C /* BillboardTextureShape.cpp in Sources */,
				63F55D81972105FD90CA832F /* OpenWarSurface.cpp in Sources */,
				63F55BC7E8C99A6C96EE1A21 /* main.cpp in Sources */,
				63F55932A50F5611BA25ED6F /* SamuraiModule.cpp in Sources */,
				4156C32C1A139E40006A264C /* BillboardColorShader.cpp in Sources */,
				4168CC9A1A2387AF007C4509 /* RenderCall.cpp in Sources */,
				4156C3161A139E40006A264C /* SoundPlayer.cpp in Sources */,
				4168CC991A2387AF007C4509 /* RenderBuffer.cpp in Sources */,
				4156C30F1A139E40006A264C /* geometry.cpp in Sources */,
				4156C3341A139E40006A264C /* Touch.cpp in Sources */,
				63F554616556A395A788A79A /* BattleCommander.cpp in Sources */,
				63F554B794FA10FAD4611DBE /* BattleScenario.cpp in Sources */,
				4168CCC91A2387E7007C4509 /* InputEditor.cpp in Sources */,
				4156C3291A139E40006A264C /* ScrollerGesture.cpp in Sources */,
				4156C3121A139E40006A264C /* GaussBlur.cpp in Sources */,
				4168CC941A2387AF007C4509 /* CommonShaders.cpp in Sources */,
				4168CCC81A2387E7007C4509 /* ImageWidget.cpp in Sources */,
				4168CCA21A2387AF007C4509 /* VertexBuffer.cpp in Sources */,
				4168CCCC1A2387E7007C4509 /* InputWidget.cpp in Sources */,
				63F55E0A4ECCD6FE29C8406F /* BattleLayer.cpp in Sources */,
				63F55C0BC0B938B21CEB2D70 /* BattleHotspot.cpp in Sources */,
				4156C32B1A139E40006A264C /* ScrollerViewport.cpp in Sources */,
				4156C3311A139E40006A264C /* Gesture.cpp in Sources */,
				4168CC981A2387AF007C4509 /* Image.cpp in Sources */,
				63F553445E70F2F5641FE284 /* EditorHotspot.cpp in Sources */,
				63F555DD68EC4972892F6EF9 /* TerrainHotspot.cpp in Sources */,
				4156C32A1A139E40006A264C /* ScrollerHotspot.cpp in Sources */,
				63F55DF188CEFBEF7F2E123B /* TerrainViewport.cpp in Sources */,
				63F55ABC3B69FFC1B4D154BE /* ClickGesture.cpp in Sources */,
				63F55E634774DADBB36E73A2 /* ClickHotspot.cpp in Sources */,
				63F55C07D79D3F9A3EA3A8CD /* FontDescriptor.cpp in Sources */,
				63F556A7A2F2FD636868A634 /* vec2_sampler.cpp in Sources */,
				63F55D14165983EF9CF7DADA /* Sampler.cpp in Sources */,
			);
			runOnlyForDeploymentPostprocessing = 0;
		};
/* End PBXSourcesBuildPhase section */

/* Begin XCBuildConfiguration section */
		41396E2F17E7517F00EC1DA6 /* Debug */ = {
			isa = XCBuildConfiguration;
			buildSettings = {
				CLANG_WARN_SUSPICIOUS_IMPLICIT_CONVERSION = YES;
				COMBINE_HIDPI_IMAGES = YES;
				FRAMEWORK_SEARCH_PATHS = (
					"$(inherited)",
					"$(LOCAL_LIBRARY_DIR)/Frameworks",
				);
				GCC_INPUT_FILETYPE = sourcecode.cpp.objcpp;
				GCC_PRECOMPILE_PREFIX_HEADER = YES;
				GCC_PREFIX_HEADER = "OpenWar-Prefix.pch";
				GCC_TREAT_IMPLICIT_FUNCTION_DECLARATIONS_AS_ERRORS = YES;
				GCC_TREAT_INCOMPATIBLE_POINTER_TYPE_WARNINGS_AS_ERRORS = YES;
				GCC_WARN_ABOUT_MISSING_NEWLINE = YES;
				GCC_WARN_ABOUT_MISSING_PROTOTYPES = YES;
				GCC_WARN_HIDDEN_VIRTUAL_FUNCTIONS = YES;
				GCC_WARN_NON_VIRTUAL_DESTRUCTOR = YES;
				HEADER_SEARCH_PATHS = "\"$(SRCROOT)/External/glm\"";
				INFOPLIST_FILE = "OpenWar-Info.plist";
				MACOSX_DEPLOYMENT_TARGET = 10.7;
				OTHER_CFLAGS = "";
				OTHER_CPLUSPLUSFLAGS = (
					"$(OTHER_CFLAGS)",
					"-Wreorder",
				);
				PRODUCT_NAME = "$(TARGET_NAME)";
				SDKROOT = macosx;
				USER_HEADER_SEARCH_PATHS = "\"$(SRCROOT)/Library\" \"$(SRCROOT)/Platform\"";
				WRAPPER_EXTENSION = app;
			};
			name = Debug;
		};
		41396E3017E7517F00EC1DA6 /* Release */ = {
			isa = XCBuildConfiguration;
			buildSettings = {
				CLANG_WARN_SUSPICIOUS_IMPLICIT_CONVERSION = YES;
				COMBINE_HIDPI_IMAGES = YES;
				FRAMEWORK_SEARCH_PATHS = (
					"$(inherited)",
					"$(LOCAL_LIBRARY_DIR)/Frameworks",
				);
				GCC_INPUT_FILETYPE = sourcecode.cpp.objcpp;
				GCC_PRECOMPILE_PREFIX_HEADER = YES;
				GCC_PREFIX_HEADER = "OpenWar-Prefix.pch";
				GCC_TREAT_IMPLICIT_FUNCTION_DECLARATIONS_AS_ERRORS = YES;
				GCC_TREAT_INCOMPATIBLE_POINTER_TYPE_WARNINGS_AS_ERRORS = YES;
				GCC_WARN_ABOUT_MISSING_NEWLINE = YES;
				GCC_WARN_ABOUT_MISSING_PROTOTYPES = YES;
				GCC_WARN_HIDDEN_VIRTUAL_FUNCTIONS = YES;
				GCC_WARN_NON_VIRTUAL_DESTRUCTOR = YES;
				HEADER_SEARCH_PATHS = "\"$(SRCROOT)/External/glm\"";
				INFOPLIST_FILE = "OpenWar-Info.plist";
				MACOSX_DEPLOYMENT_TARGET = 10.7;
				OTHER_CFLAGS = "";
				OTHER_CPLUSPLUSFLAGS = (
					"$(OTHER_CFLAGS)",
					"-Wreorder",
				);
				PRODUCT_NAME = "$(TARGET_NAME)";
				SDKROOT = macosx;
				USER_HEADER_SEARCH_PATHS = "\"$(SRCROOT)/Library\" \"$(SRCROOT)/Platform\"";
				WRAPPER_EXTENSION = app;
			};
			name = Release;
		};
		413B6E15175CE70B00AABF10 /* Debug */ = {
			isa = XCBuildConfiguration;
			buildSettings = {
				ALWAYS_SEARCH_USER_PATHS = NO;
				CLANG_CXX_LANGUAGE_STANDARD = "gnu++0x";
				CLANG_CXX_LIBRARY = "libc++";
				CLANG_WARN_CONSTANT_CONVERSION = YES;
				CLANG_WARN_EMPTY_BODY = YES;
				CLANG_WARN_ENUM_CONVERSION = YES;
				CLANG_WARN_INT_CONVERSION = YES;
				CLANG_WARN__DUPLICATE_METHOD_MATCH = YES;
				COPY_PHASE_STRIP = NO;
				GCC_C_LANGUAGE_STANDARD = gnu99;
				GCC_DYNAMIC_NO_PIC = NO;
				GCC_ENABLE_OBJC_EXCEPTIONS = YES;
				GCC_OPTIMIZATION_LEVEL = 0;
				GCC_PREPROCESSOR_DEFINITIONS = (
					"DEBUG=1",
					"$(inherited)",
				);
				GCC_SYMBOLS_PRIVATE_EXTERN = NO;
				GCC_WARN_64_TO_32_BIT_CONVERSION = YES;
				GCC_WARN_ABOUT_RETURN_TYPE = YES;
				GCC_WARN_UNINITIALIZED_AUTOS = YES;
				GCC_WARN_UNUSED_VARIABLE = YES;
				MACOSX_DEPLOYMENT_TARGET = 10.8;
				ONLY_ACTIVE_ARCH = YES;
				SDKROOT = macosx;
			};
			name = Debug;
		};
		413B6E16175CE70B00AABF10 /* Release */ = {
			isa = XCBuildConfiguration;
			buildSettings = {
				ALWAYS_SEARCH_USER_PATHS = NO;
				CLANG_CXX_LANGUAGE_STANDARD = "gnu++0x";
				CLANG_CXX_LIBRARY = "libc++";
				CLANG_WARN_CONSTANT_CONVERSION = YES;
				CLANG_WARN_EMPTY_BODY = YES;
				CLANG_WARN_ENUM_CONVERSION = YES;
				CLANG_WARN_INT_CONVERSION = YES;
				CLANG_WARN__DUPLICATE_METHOD_MATCH = YES;
				COPY_PHASE_STRIP = YES;
				DEBUG_INFORMATION_FORMAT = "dwarf-with-dsym";
				GCC_C_LANGUAGE_STANDARD = gnu99;
				GCC_ENABLE_OBJC_EXCEPTIONS = YES;
				GCC_WARN_64_TO_32_BIT_CONVERSION = YES;
				GCC_WARN_ABOUT_RETURN_TYPE = YES;
				GCC_WARN_UNINITIALIZED_AUTOS = YES;
				GCC_WARN_UNUSED_VARIABLE = YES;
				MACOSX_DEPLOYMENT_TARGET = 10.8;
				SDKROOT = macosx;
			};
			name = Release;
		};
/* End XCBuildConfiguration section */

/* Begin XCConfigurationList section */
		41396E2E17E7517F00EC1DA6 /* Build configuration list for PBXNativeTarget "Open War" */ = {
			isa = XCConfigurationList;
			buildConfigurations = (
				41396E2F17E7517F00EC1DA6 /* Debug */,
				41396E3017E7517F00EC1DA6 /* Release */,
			);
			defaultConfigurationIsVisible = 0;
			defaultConfigurationName = Release;
		};
		413B6DF2175CE70B00AABF10 /* Build configuration list for PBXProject "OpenWar" */ = {
			isa = XCConfigurationList;
			buildConfigurations = (
				413B6E15175CE70B00AABF10 /* Debug */,
				413B6E16175CE70B00AABF10 /* Release */,
			);
			defaultConfigurationIsVisible = 0;
			defaultConfigurationName = Release;
		};
/* End XCConfigurationList section */
	};
	rootObject = 413B6DEF175CE70B00AABF10 /* Project object */;
}
